// !$*UTF8*$!
{
	archiveVersion = 1;
	classes = {
	};
	objectVersion = 46;
	objects = {

/* Begin PBXBuildFile section */
		FD0DF8AA1CA29ECC00D2917E /* GLESMath.c in Sources */ = {isa = PBXBuildFile; fileRef = FD0DF8A41CA29ECC00D2917E /* GLESMath.c */; };
		FD0DF8AB1CA29ECC00D2917E /* GLESUtils.m in Sources */ = {isa = PBXBuildFile; fileRef = FD0DF8A71CA29ECC00D2917E /* GLESUtils.m */; };
		FD8C73431C929DB9001A5D46 /* main.m in Sources */ = {isa = PBXBuildFile; fileRef = FD8C73421C929DB9001A5D46 /* main.m */; };
		FD8C73461C929DB9001A5D46 /* AppDelegate.m in Sources */ = {isa = PBXBuildFile; fileRef = FD8C73451C929DB9001A5D46 /* AppDelegate.m */; };
		FD8C734C1C929DB9001A5D46 /* Main.storyboard in Resources */ = {isa = PBXBuildFile; fileRef = FD8C734A1C929DB9001A5D46 /* Main.storyboard */; };
		FD8C734E1C929DB9001A5D46 /* Assets.xcassets in Resources */ = {isa = PBXBuildFile; fileRef = FD8C734D1C929DB9001A5D46 /* Assets.xcassets */; };
		FD8C73511C929DB9001A5D46 /* LaunchScreen.storyboard in Resources */ = {isa = PBXBuildFile; fileRef = FD8C734F1C929DB9001A5D46 /* LaunchScreen.storyboard */; };
		FD8C735C1C929DB9001A5D46 /* LearnOpenGLESTests.m in Sources */ = {isa = PBXBuildFile; fileRef = FD8C735B1C929DB9001A5D46 /* LearnOpenGLESTests.m */; };
		FD8C73681C92A2EF001A5D46 /* LearnView.m in Sources */ = {isa = PBXBuildFile; fileRef = FD8C73671C92A2EF001A5D46 /* LearnView.m */; };
		FD8C736A1C92AC07001A5D46 /* for_test.png in Resources */ = {isa = PBXBuildFile; fileRef = FD8C73691C92AC07001A5D46 /* for_test.png */; };
		FDC7A56B1C992CEE002B4BB5 /* shaderv.glsl in Resources */ = {isa = PBXBuildFile; fileRef = FDC7A56A1C992CEE002B4BB5 /* shaderv.glsl */; };
		FDC7A56D1C992CFC002B4BB5 /* shaderf.glsl in Resources */ = {isa = PBXBuildFile; fileRef = FDC7A56C1C992CFC002B4BB5 /* shaderf.glsl */; };
		FDC7A5701C994EDE002B4BB5 /* LYGLViewController.m in Sources */ = {isa = PBXBuildFile; fileRef = FDC7A56F1C994EDE002B4BB5 /* LYGLViewController.m */; };
/* End PBXBuildFile section */

/* Begin PBXContainerItemProxy section */
		FD8C73581C929DB9001A5D46 /* PBXContainerItemProxy */ = {
			isa = PBXContainerItemProxy;
			containerPortal = FD8C73361C929DB9001A5D46 /* Project object */;
			proxyType = 1;
			remoteGlobalIDString = FD8C733D1C929DB9001A5D46;
			remoteInfo = LearnOpenGLES;
		};
/* End PBXContainerItemProxy section */

/* Begin PBXFileReference section */
		FD0DF8A41CA29ECC00D2917E /* GLESMath.c */ = {isa = PBXFileReference; fileEncoding = 4; lastKnownFileType = sourcecode.c.c; path = GLESMath.c; sourceTree = "<group>"; };
		FD0DF8A51CA29ECC00D2917E /* GLESMath.h */ = {isa = PBXFileReference; fileEncoding = 4; lastKnownFileType = sourcecode.c.h; path = GLESMath.h; sourceTree = "<group>"; };
		FD0DF8A61CA29ECC00D2917E /* GLESUtils.h */ = {isa = PBXFileReference; fileEncoding = 4; lastKnownFileType = sourcecode.c.h; path = GLESUtils.h; sourceTree = "<group>"; };
		FD0DF8A71CA29ECC00D2917E /* GLESUtils.m */ = {isa = PBXFileReference; fileEncoding = 4; lastKnownFileType = sourcecode.c.objc; path = GLESUtils.m; sourceTree = "<group>"; };
		FD0DF8A81CA29ECC00D2917E /* Quaternion.h */ = {isa = PBXFileReference; fileEncoding = 4; lastKnownFileType = sourcecode.c.h; path = Quaternion.h; sourceTree = "<group>"; };
		FD0DF8A91CA29ECC00D2917E /* Vector.h */ = {isa = PBXFileReference; fileEncoding = 4; lastKnownFileType = sourcecode.c.h; path = Vector.h; sourceTree = "<group>"; };
		FD8C733E1C929DB9001A5D46 /* LearnOpenGLES-light.app */ = {isa = PBXFileReference; explicitFileType = wrapper.application; includeInIndex = 0; path = "LearnOpenGLES-light.app"; sourceTree = BUILT_PRODUCTS_DIR; };
		FD8C73421C929DB9001A5D46 /* main.m */ = {isa = PBXFileReference; lastKnownFileType = sourcecode.c.objc; path = main.m; sourceTree = "<group>"; };
		FD8C73441C929DB9001A5D46 /* AppDelegate.h */ = {isa = PBXFileReference; lastKnownFileType = sourcecode.c.h; path = AppDelegate.h; sourceTree = "<group>"; };
		FD8C73451C929DB9001A5D46 /* AppDelegate.m */ = {isa = PBXFileReference; lastKnownFileType = sourcecode.c.objc; path = AppDelegate.m; sourceTree = "<group>"; };
		FD8C734B1C929DB9001A5D46 /* Base */ = {isa = PBXFileReference; lastKnownFileType = file.storyboard; name = Base; path = Base.lproj/Main.storyboard; sourceTree = "<group>"; };
		FD8C734D1C929DB9001A5D46 /* Assets.xcassets */ = {isa = PBXFileReference; lastKnownFileType = folder.assetcatalog; path = Assets.xcassets; sourceTree = "<group>"; };
		FD8C73501C929DB9001A5D46 /* Base */ = {isa = PBXFileReference; lastKnownFileType = file.storyboard; name = Base; path = Base.lproj/LaunchScreen.storyboard; sourceTree = "<group>"; };
		FD8C73521C929DB9001A5D46 /* Info.plist */ = {isa = PBXFileReference; lastKnownFileType = text.plist.xml; path = Info.plist; sourceTree = "<group>"; };
		FD8C73571C929DB9001A5D46 /* LearnOpenGLES-light.xctest */ = {isa = PBXFileReference; explicitFileType = wrapper.cfbundle; includeInIndex = 0; path = "LearnOpenGLES-light.xctest"; sourceTree = BUILT_PRODUCTS_DIR; };
		FD8C735B1C929DB9001A5D46 /* LearnOpenGLESTests.m */ = {isa = PBXFileReference; lastKnownFileType = sourcecode.c.objc; path = LearnOpenGLESTests.m; sourceTree = "<group>"; };
		FD8C735D1C929DB9001A5D46 /* Info.plist */ = {isa = PBXFileReference; lastKnownFileType = text.plist.xml; path = Info.plist; sourceTree = "<group>"; };
		FD8C73661C92A2EF001A5D46 /* LearnView.h */ = {isa = PBXFileReference; fileEncoding = 4; lastKnownFileType = sourcecode.c.h; path = LearnView.h; sourceTree = "<group>"; };
		FD8C73671C92A2EF001A5D46 /* LearnView.m */ = {isa = PBXFileReference; fileEncoding = 4; lastKnownFileType = sourcecode.c.objc; path = LearnView.m; sourceTree = "<group>"; };
		FD8C73691C92AC07001A5D46 /* for_test.png */ = {isa = PBXFileReference; lastKnownFileType = image.png; path = for_test.png; sourceTree = "<group>"; };
		FDC7A56A1C992CEE002B4BB5 /* shaderv.glsl */ = {isa = PBXFileReference; fileEncoding = 4; lastKnownFileType = text; path = shaderv.glsl; sourceTree = "<group>"; };
		FDC7A56C1C992CFC002B4BB5 /* shaderf.glsl */ = {isa = PBXFileReference; fileEncoding = 4; lastKnownFileType = text; path = shaderf.glsl; sourceTree = "<group>"; };
		FDC7A56E1C994EDE002B4BB5 /* LYGLViewController.h */ = {isa = PBXFileReference; fileEncoding = 4; lastKnownFileType = sourcecode.c.h; path = LYGLViewController.h; sourceTree = "<group>"; };
		FDC7A56F1C994EDE002B4BB5 /* LYGLViewController.m */ = {isa = PBXFileReference; fileEncoding = 4; lastKnownFileType = sourcecode.c.objc; path = LYGLViewController.m; sourceTree = "<group>"; };
/* End PBXFileReference section */

/* Begin PBXFrameworksBuildPhase section */
		FD8C733B1C929DB9001A5D46 /* Frameworks */ = {
			isa = PBXFrameworksBuildPhase;
			buildActionMask = 2147483647;
			files = (
			);
			runOnlyForDeploymentPostprocessing = 0;
		};
		FD8C73541C929DB9001A5D46 /* Frameworks */ = {
			isa = PBXFrameworksBuildPhase;
			buildActionMask = 2147483647;
			files = (
			);
			runOnlyForDeploymentPostprocessing = 0;
		};
/* End PBXFrameworksBuildPhase section */

/* Begin PBXGroup section */
		FD0DF8A31CA29ECB00D2917E /* Utils */ = {
			isa = PBXGroup;
			children = (
				FD0DF8A41CA29ECC00D2917E /* GLESMath.c */,
				FD0DF8A51CA29ECC00D2917E /* GLESMath.h */,
				FD0DF8A61CA29ECC00D2917E /* GLESUtils.h */,
				FD0DF8A71CA29ECC00D2917E /* GLESUtils.m */,
				FD0DF8A81CA29ECC00D2917E /* Quaternion.h */,
				FD0DF8A91CA29ECC00D2917E /* Vector.h */,
			);
			path = Utils;
			sourceTree = "<group>";
		};
		FD8C73351C929DB9001A5D46 = {
			isa = PBXGroup;
			children = (
				FD8C73401C929DB9001A5D46 /* LearnOpenGLES */,
				FD8C735A1C929DB9001A5D46 /* LearnOpenGLESTests */,
				FD8C733F1C929DB9001A5D46 /* Products */,
			);
			sourceTree = "<group>";
		};
		FD8C733F1C929DB9001A5D46 /* Products */ = {
			isa = PBXGroup;
			children = (
				FD8C733E1C929DB9001A5D46 /* LearnOpenGLES-light.app */,
				FD8C73571C929DB9001A5D46 /* LearnOpenGLES-light.xctest */,
			);
			name = Products;
			sourceTree = "<group>";
		};
		FD8C73401C929DB9001A5D46 /* LearnOpenGLES */ = {
			isa = PBXGroup;
			children = (
				FD0DF8A31CA29ECB00D2917E /* Utils */,
				FD8C73691C92AC07001A5D46 /* for_test.png */,
				FD8C73441C929DB9001A5D46 /* AppDelegate.h */,
				FD8C73451C929DB9001A5D46 /* AppDelegate.m */,
				FDC7A56E1C994EDE002B4BB5 /* LYGLViewController.h */,
				FDC7A56F1C994EDE002B4BB5 /* LYGLViewController.m */,
				FD8C73661C92A2EF001A5D46 /* LearnView.h */,
				FD8C73671C92A2EF001A5D46 /* LearnView.m */,
				FD8C734A1C929DB9001A5D46 /* Main.storyboard */,
				FD8C734D1C929DB9001A5D46 /* Assets.xcassets */,
				FD8C734F1C929DB9001A5D46 /* LaunchScreen.storyboard */,
				FD8C73521C929DB9001A5D46 /* Info.plist */,
				FDC7A56A1C992CEE002B4BB5 /* shaderv.glsl */,
				FDC7A56C1C992CFC002B4BB5 /* shaderf.glsl */,
				FD8C73411C929DB9001A5D46 /* Supporting Files */,
			);
			path = LearnOpenGLES;
			sourceTree = "<group>";
		};
		FD8C73411C929DB9001A5D46 /* Supporting Files */ = {
			isa = PBXGroup;
			children = (
				FD8C73421C929DB9001A5D46 /* main.m */,
			);
			name = "Supporting Files";
			sourceTree = "<group>";
		};
		FD8C735A1C929DB9001A5D46 /* LearnOpenGLESTests */ = {
			isa = PBXGroup;
			children = (
				FD8C735B1C929DB9001A5D46 /* LearnOpenGLESTests.m */,
				FD8C735D1C929DB9001A5D46 /* Info.plist */,
			);
			path = LearnOpenGLESTests;
			sourceTree = "<group>";
		};
/* End PBXGroup section */

/* Begin PBXNativeTarget section */
		FD8C733D1C929DB9001A5D46 /* LearnOpenGLES-light */ = {
			isa = PBXNativeTarget;
			buildConfigurationList = FD8C73601C929DB9001A5D46 /* Build configuration list for PBXNativeTarget "LearnOpenGLES-light" */;
			buildPhases = (
				FD8C733A1C929DB9001A5D46 /* Sources */,
				FD8C733B1C929DB9001A5D46 /* Frameworks */,
				FD8C733C1C929DB9001A5D46 /* Resources */,
			);
			buildRules = (
			);
			dependencies = (
			);
			name = "LearnOpenGLES-light";
			productName = LearnOpenGLES;
			productReference = FD8C733E1C929DB9001A5D46 /* LearnOpenGLES-light.app */;
			productType = "com.apple.product-type.application";
		};
		FD8C73561C929DB9001A5D46 /* LearnOpenGLES-lightTests */ = {
			isa = PBXNativeTarget;
			buildConfigurationList = FD8C73631C929DB9001A5D46 /* Build configuration list for PBXNativeTarget "LearnOpenGLES-lightTests" */;
			buildPhases = (
				FD8C73531C929DB9001A5D46 /* Sources */,
				FD8C73541C929DB9001A5D46 /* Frameworks */,
				FD8C73551C929DB9001A5D46 /* Resources */,
			);
			buildRules = (
			);
			dependencies = (
				FD8C73591C929DB9001A5D46 /* PBXTargetDependency */,
			);
			name = "LearnOpenGLES-lightTests";
			productName = LearnOpenGLESTests;
			productReference = FD8C73571C929DB9001A5D46 /* LearnOpenGLES-light.xctest */;
			productType = "com.apple.product-type.bundle.unit-test";
		};
/* End PBXNativeTarget section */

/* Begin PBXProject section */
		FD8C73361C929DB9001A5D46 /* Project object */ = {
			isa = PBXProject;
			attributes = {
				LastUpgradeCheck = 0710;
				ORGANIZATIONNAME = "林伟池";
				TargetAttributes = {
					FD8C733D1C929DB9001A5D46 = {
						CreatedOnToolsVersion = 7.1.1;
					};
					FD8C73561C929DB9001A5D46 = {
						CreatedOnToolsVersion = 7.1.1;
						TestTargetID = FD8C733D1C929DB9001A5D46;
					};
				};
			};
			buildConfigurationList = FD8C73391C929DB9001A5D46 /* Build configuration list for PBXProject "LearnOpenGLES-light" */;
			compatibilityVersion = "Xcode 3.2";
			developmentRegion = English;
			hasScannedForEncodings = 0;
			knownRegions = (
				en,
				Base,
			);
			mainGroup = FD8C73351C929DB9001A5D46;
			productRefGroup = FD8C733F1C929DB9001A5D46 /* Products */;
			projectDirPath = "";
			projectRoot = "";
			targets = (
				FD8C733D1C929DB9001A5D46 /* LearnOpenGLES-light */,
				FD8C73561C929DB9001A5D46 /* LearnOpenGLES-lightTests */,
			);
		};
/* End PBXProject section */

/* Begin PBXResourcesBuildPhase section */
		FD8C733C1C929DB9001A5D46 /* Resources */ = {
			isa = PBXResourcesBuildPhase;
			buildActionMask = 2147483647;
			files = (
				FD8C73511C929DB9001A5D46 /* LaunchScreen.storyboard in Resources */,
				FD8C736A1C92AC07001A5D46 /* for_test.png in Resources */,
				FDC7A56B1C992CEE002B4BB5 /* shaderv.glsl in Resources */,
				FDC7A56D1C992CFC002B4BB5 /* shaderf.glsl in Resources */,
				FD8C734E1C929DB9001A5D46 /* Assets.xcassets in Resources */,
				FD8C734C1C929DB9001A5D46 /* Main.storyboard in Resources */,
			);
			runOnlyForDeploymentPostprocessing = 0;
		};
		FD8C73551C929DB9001A5D46 /* Resources */ = {
			isa = PBXResourcesBuildPhase;
			buildActionMask = 2147483647;
			files = (
			);
			runOnlyForDeploymentPostprocessing = 0;
		};
/* End PBXResourcesBuildPhase section */

/* Begin PBXSourcesBuildPhase section */
		FD8C733A1C929DB9001A5D46 /* Sources */ = {
			isa = PBXSourcesBuildPhase;
			buildActionMask = 2147483647;
			files = (
				FD8C73461C929DB9001A5D46 /* AppDelegate.m in Sources */,
				FDC7A5701C994EDE002B4BB5 /* LYGLViewController.m in Sources */,
				FD0DF8AA1CA29ECC00D2917E /* GLESMath.c in Sources */,
				FD8C73431C929DB9001A5D46 /* main.m in Sources */,
				FD0DF8AB1CA29ECC00D2917E /* GLESUtils.m in Sources */,
				FD8C73681C92A2EF001A5D46 /* LearnView.m in Sources */,
			);
			runOnlyForDeploymentPostprocessing = 0;
		};
		FD8C73531C929DB9001A5D46 /* Sources */ = {
			isa = PBXSourcesBuildPhase;
			buildActionMask = 2147483647;
			files = (
				FD8C735C1C929DB9001A5D46 /* LearnOpenGLESTests.m in Sources */,
			);
			runOnlyForDeploymentPostprocessing = 0;
		};
/* End PBXSourcesBuildPhase section */

/* Begin PBXTargetDependency section */
		FD8C73591C929DB9001A5D46 /* PBXTargetDependency */ = {
			isa = PBXTargetDependency;
			target = FD8C733D1C929DB9001A5D46 /* LearnOpenGLES-light */;
			targetProxy = FD8C73581C929DB9001A5D46 /* PBXContainerItemProxy */;
		};
/* End PBXTargetDependency section */

/* Begin PBXVariantGroup section */
		FD8C734A1C929DB9001A5D46 /* Main.storyboard */ = {
			isa = PBXVariantGroup;
			children = (
				FD8C734B1C929DB9001A5D46 /* Base */,
			);
			name = Main.storyboard;
			sourceTree = "<group>";
		};
		FD8C734F1C929DB9001A5D46 /* LaunchScreen.storyboard */ = {
			isa = PBXVariantGroup;
			children = (
				FD8C73501C929DB9001A5D46 /* Base */,
			);
			name = LaunchScreen.storyboard;
			sourceTree = "<group>";
		};
/* End PBXVariantGroup section */

/* Begin XCBuildConfiguration section */
		FD8C735E1C929DB9001A5D46 /* Debug */ = {
			isa = XCBuildConfiguration;
			buildSettings = {
				ALWAYS_SEARCH_USER_PATHS = NO;
				CLANG_CXX_LANGUAGE_STANDARD = "gnu++0x";
				CLANG_CXX_LIBRARY = "libc++";
				CLANG_ENABLE_MODULES = YES;
				CLANG_ENABLE_OBJC_ARC = YES;
				CLANG_WARN_BOOL_CONVERSION = YES;
				CLANG_WARN_CONSTANT_CONVERSION = YES;
				CLANG_WARN_DIRECT_OBJC_ISA_USAGE = YES_ERROR;
				CLANG_WARN_EMPTY_BODY = YES;
				CLANG_WARN_ENUM_CONVERSION = YES;
				CLANG_WARN_INT_CONVERSION = YES;
				CLANG_WARN_OBJC_ROOT_CLASS = YES_ERROR;
				CLANG_WARN_UNREACHABLE_CODE = YES;
				CLANG_WARN__DUPLICATE_METHOD_MATCH = YES;
				"CODE_SIGN_IDENTITY[sdk=iphoneos*]" = "iPhone Developer";
				COPY_PHASE_STRIP = NO;
				DEBUG_INFORMATION_FORMAT = dwarf;
				ENABLE_STRICT_OBJC_MSGSEND = YES;
				ENABLE_TESTABILITY = YES;
				GCC_C_LANGUAGE_STANDARD = gnu99;
				GCC_DYNAMIC_NO_PIC = NO;
				GCC_NO_COMMON_BLOCKS = YES;
				GCC_OPTIMIZATION_LEVEL = 0;
				GCC_PREPROCESSOR_DEFINITIONS = (
					"DEBUG=1",
					"$(inherited)",
				);
				GCC_WARN_64_TO_32_BIT_CONVERSION = YES;
				GCC_WARN_ABOUT_RETURN_TYPE = YES_ERROR;
				GCC_WARN_UNDECLARED_SELECTOR = YES;
				GCC_WARN_UNINITIALIZED_AUTOS = YES_AGGRESSIVE;
				GCC_WARN_UNUSED_FUNCTION = YES;
				GCC_WARN_UNUSED_VARIABLE = YES;
				IPHONEOS_DEPLOYMENT_TARGET = 9.1;
				MTL_ENABLE_DEBUG_INFO = YES;
				ONLY_ACTIVE_ARCH = YES;
				SDKROOT = iphoneos;
			};
			name = Debug;
		};
		FD8C735F1C929DB9001A5D46 /* Release */ = {
			isa = XCBuildConfiguration;
			buildSettings = {
				ALWAYS_SEARCH_USER_PATHS = NO;
				CLANG_CXX_LANGUAGE_STANDARD = "gnu++0x";
				CLANG_CXX_LIBRARY = "libc++";
				CLANG_ENABLE_MODULES = YES;
				CLANG_ENABLE_OBJC_ARC = YES;
				CLANG_WARN_BOOL_CONVERSION = YES;
				CLANG_WARN_CONSTANT_CONVERSION = YES;
				CLANG_WARN_DIRECT_OBJC_ISA_USAGE = YES_ERROR;
				CLANG_WARN_EMPTY_BODY = YES;
				CLANG_WARN_ENUM_CONVERSION = YES;
				CLANG_WARN_INT_CONVERSION = YES;
				CLANG_WARN_OBJC_ROOT_CLASS = YES_ERROR;
				CLANG_WARN_UNREACHABLE_CODE = YES;
				CLANG_WARN__DUPLICATE_METHOD_MATCH = YES;
				"CODE_SIGN_IDENTITY[sdk=iphoneos*]" = "iPhone Developer";
				COPY_PHASE_STRIP = NO;
				DEBUG_INFORMATION_FORMAT = "dwarf-with-dsym";
				ENABLE_NS_ASSERTIONS = NO;
				ENABLE_STRICT_OBJC_MSGSEND = YES;
				GCC_C_LANGUAGE_STANDARD = gnu99;
				GCC_NO_COMMON_BLOCKS = YES;
				GCC_WARN_64_TO_32_BIT_CONVERSION = YES;
				GCC_WARN_ABOUT_RETURN_TYPE = YES_ERROR;
				GCC_WARN_UNDECLARED_SELECTOR = YES;
				GCC_WARN_UNINITIALIZED_AUTOS = YES_AGGRESSIVE;
				GCC_WARN_UNUSED_FUNCTION = YES;
				GCC_WARN_UNUSED_VARIABLE = YES;
				IPHONEOS_DEPLOYMENT_TARGET = 9.1;
				MTL_ENABLE_DEBUG_INFO = NO;
				SDKROOT = iphoneos;
				VALIDATE_PRODUCT = YES;
			};
			name = Release;
		};
		FD8C73611C929DB9001A5D46 /* Debug */ = {
			isa = XCBuildConfiguration;
			buildSettings = {
				ASSETCATALOG_COMPILER_APPICON_NAME = AppIcon;
				INFOPLIST_FILE = LearnOpenGLES/Info.plist;
				LD_RUNPATH_SEARCH_PATHS = "$(inherited) @executable_path/Frameworks";
				PRODUCT_BUNDLE_IDENTIFIER = loying.lin.LearnOpenGLES;
				PRODUCT_NAME = "LearnOpenGLES-light";
			};
			name = Debug;
		};
		FD8C73621C929DB9001A5D46 /* Release */ = {
			isa = XCBuildConfiguration;
			buildSettings = {
				ASSETCATALOG_COMPILER_APPICON_NAME = AppIcon;
				INFOPLIST_FILE = LearnOpenGLES/Info.plist;
				LD_RUNPATH_SEARCH_PATHS = "$(inherited) @executable_path/Frameworks";
				PRODUCT_BUNDLE_IDENTIFIER = loying.lin.LearnOpenGLES;
				PRODUCT_NAME = "LearnOpenGLES-light";
			};
			name = Release;
		};
		FD8C73641C929DB9001A5D46 /* Debug */ = {
			isa = XCBuildConfiguration;
			buildSettings = {
				BUNDLE_LOADER = "$(TEST_HOST)";
				INFOPLIST_FILE = LearnOpenGLESTests/Info.plist;
				LD_RUNPATH_SEARCH_PATHS = "$(inherited) @executable_path/Frameworks @loader_path/Frameworks";
				PRODUCT_BUNDLE_IDENTIFIER = loying.lin.LearnOpenGLESTests;
				PRODUCT_NAME = "LearnOpenGLES-light";
				TEST_HOST = "$(BUILT_PRODUCTS_DIR)/LearnOpenGLES-light.app/LearnOpenGLES-light";
			};
			name = Debug;
		};
		FD8C73651C929DB9001A5D46 /* Release */ = {
			isa = XCBuildConfiguration;
			buildSettings = {
				BUNDLE_LOADER = "$(TEST_HOST)";
				INFOPLIST_FILE = LearnOpenGLESTests/Info.plist;
				LD_RUNPATH_SEARCH_PATHS = "$(inherited) @executable_path/Frameworks @loader_path/Frameworks";
				PRODUCT_BUNDLE_IDENTIFIER = loying.lin.LearnOpenGLESTests;
				PRODUCT_NAME = "LearnOpenGLES-light";
				TEST_HOST = "$(BUILT_PRODUCTS_DIR)/LearnOpenGLES-light.app/LearnOpenGLES-light";
			};
			name = Release;
		};
/* End XCBuildConfiguration section */

/* Begin XCConfigurationList section */
		FD8C73391C929DB9001A5D46 /* Build configuration list for PBXProject "LearnOpenGLES-light" */ = {
			isa = XCConfigurationList;
			buildConfigurations = (
				FD8C735E1C929DB9001A5D46 /* Debug */,
				FD8C735F1C929DB9001A5D46 /* Release */,
			);
			defaultConfigurationIsVisible = 0;
			defaultConfigurationName = Release;
		};
		FD8C73601C929DB9001A5D46 /* Build configuration list for PBXNativeTarget "LearnOpenGLES-light" */ = {
			isa = XCConfigurationList;
			buildConfigurations = (
				FD8C73611C929DB9001A5D46 /* Debug */,
				FD8C73621C929DB9001A5D46 /* Release */,
			);
			defaultConfigurationIsVisible = 0;
			defaultConfigurationName = Release;
		};
		FD8C73631C929DB9001A5D46 /* Build configuration list for PBXNativeTarget "LearnOpenGLES-lightTests" */ = {
			isa = XCConfigurationList;
			buildConfigurations = (
				FD8C73641C929DB9001A5D46 /* Debug */,
				FD8C73651C929DB9001A5D46 /* Release */,
			);
			defaultConfigurationIsVisible = 0;
			defaultConfigurationName = Release;
		};
/* End XCConfigurationList section */
	};
	rootObject = FD8C73361C929DB9001A5D46 /* Project object */;
}
