// !$*UTF8*$!
{
	archiveVersion = 1;
	classes = {
	};
	objectVersion = 55;
	objects = {

/* Begin PBXBuildFile section */
		E6C00345286DE12C0016595D /* AppDelegate.m in Sources */ = {isa = PBXBuildFile; fileRef = E6C00344286DE12C0016595D /* AppDelegate.m */; };
		E6C00348286DE12C0016595D /* SceneDelegate.m in Sources */ = {isa = PBXBuildFile; fileRef = E6C00347286DE12C0016595D /* SceneDelegate.m */; };
		E6C0034B286DE12C0016595D /* ViewController.m in Sources */ = {isa = PBXBuildFile; fileRef = E6C0034A286DE12C0016595D /* ViewController.m */; };
		E6C0034E286DE12C0016595D /* Main.storyboard in Resources */ = {isa = PBXBuildFile; fileRef = E6C0034C286DE12C0016595D /* Main.storyboard */; };
		E6C00350286DE12E0016595D /* Assets.xcassets in Resources */ = {isa = PBXBuildFile; fileRef = E6C0034F286DE12E0016595D /* Assets.xcassets */; };
		E6C00353286DE12E0016595D /* LaunchScreen.storyboard in Resources */ = {isa = PBXBuildFile; fileRef = E6C00351286DE12E0016595D /* LaunchScreen.storyboard */; };
		E6C00356286DE12E0016595D /* main.m in Sources */ = {isa = PBXBuildFile; fileRef = E6C00355286DE12E0016595D /* main.m */; };
		E6C00360286DE12E0016595D /* demo17Tests.m in Sources */ = {isa = PBXBuildFile; fileRef = E6C0035F286DE12E0016595D /* demo17Tests.m */; };
		E6C0036A286DE12E0016595D /* demo17UITests.m in Sources */ = {isa = PBXBuildFile; fileRef = E6C00369286DE12E0016595D /* demo17UITests.m */; };
		E6C0036C286DE12E0016595D /* demo17UITestsLaunchTests.m in Sources */ = {isa = PBXBuildFile; fileRef = E6C0036B286DE12E0016595D /* demo17UITestsLaunchTests.m */; };
		E6C00380286DE1780016595D /* librtmp.a in Frameworks */ = {isa = PBXBuildFile; fileRef = E6C0037F286DE1780016595D /* librtmp.a */; };
		E6C00382286DE2E90016595D /* download.flv in Resources */ = {isa = PBXBuildFile; fileRef = E6C00381286DE2E90016595D /* download.flv */; };
		E6C0038E286EC61A0016595D /* test_rtmp.c in Sources */ = {isa = PBXBuildFile; fileRef = E6C0038D286EC61A0016595D /* test_rtmp.c */; };
		E6C00391286ECA3B0016595D /* FileManager.m in Sources */ = {isa = PBXBuildFile; fileRef = E6C00390286ECA3B0016595D /* FileManager.m */; };
/* End PBXBuildFile section */

/* Begin PBXContainerItemProxy section */
		E6C0035C286DE12E0016595D /* PBXContainerItemProxy */ = {
			isa = PBXContainerItemProxy;
			containerPortal = E6C00338286DE12C0016595D /* Project object */;
			proxyType = 1;
			remoteGlobalIDString = E6C0033F286DE12C0016595D;
			remoteInfo = demo17;
		};
		E6C00366286DE12E0016595D /* PBXContainerItemProxy */ = {
			isa = PBXContainerItemProxy;
			containerPortal = E6C00338286DE12C0016595D /* Project object */;
			proxyType = 1;
			remoteGlobalIDString = E6C0033F286DE12C0016595D;
			remoteInfo = demo17;
		};
/* End PBXContainerItemProxy section */

/* Begin PBXFileReference section */
		E6C00340286DE12C0016595D /* demo17.app */ = {isa = PBXFileReference; explicitFileType = wrapper.application; includeInIndex = 0; path = demo17.app; sourceTree = BUILT_PRODUCTS_DIR; };
		E6C00343286DE12C0016595D /* AppDelegate.h */ = {isa = PBXFileReference; lastKnownFileType = sourcecode.c.h; path = AppDelegate.h; sourceTree = "<group>"; };
		E6C00344286DE12C0016595D /* AppDelegate.m */ = {isa = PBXFileReference; lastKnownFileType = sourcecode.c.objc; path = AppDelegate.m; sourceTree = "<group>"; };
		E6C00346286DE12C0016595D /* SceneDelegate.h */ = {isa = PBXFileReference; lastKnownFileType = sourcecode.c.h; path = SceneDelegate.h; sourceTree = "<group>"; };
		E6C00347286DE12C0016595D /* SceneDelegate.m */ = {isa = PBXFileReference; lastKnownFileType = sourcecode.c.objc; path = SceneDelegate.m; sourceTree = "<group>"; };
		E6C00349286DE12C0016595D /* ViewController.h */ = {isa = PBXFileReference; lastKnownFileType = sourcecode.c.h; path = ViewController.h; sourceTree = "<group>"; };
		E6C0034A286DE12C0016595D /* ViewController.m */ = {isa = PBXFileReference; lastKnownFileType = sourcecode.c.objc; path = ViewController.m; sourceTree = "<group>"; };
		E6C0034D286DE12C0016595D /* Base */ = {isa = PBXFileReference; lastKnownFileType = file.storyboard; name = Base; path = Base.lproj/Main.storyboard; sourceTree = "<group>"; };
		E6C0034F286DE12E0016595D /* Assets.xcassets */ = {isa = PBXFileReference; lastKnownFileType = folder.assetcatalog; path = Assets.xcassets; sourceTree = "<group>"; };
		E6C00352286DE12E0016595D /* Base */ = {isa = PBXFileReference; lastKnownFileType = file.storyboard; name = Base; path = Base.lproj/LaunchScreen.storyboard; sourceTree = "<group>"; };
		E6C00354286DE12E0016595D /* Info.plist */ = {isa = PBXFileReference; lastKnownFileType = text.plist.xml; path = Info.plist; sourceTree = "<group>"; };
		E6C00355286DE12E0016595D /* main.m */ = {isa = PBXFileReference; lastKnownFileType = sourcecode.c.objc; path = main.m; sourceTree = "<group>"; };
		E6C0035B286DE12E0016595D /* demo17Tests.xctest */ = {isa = PBXFileReference; explicitFileType = wrapper.cfbundle; includeInIndex = 0; path = demo17Tests.xctest; sourceTree = BUILT_PRODUCTS_DIR; };
		E6C0035F286DE12E0016595D /* demo17Tests.m */ = {isa = PBXFileReference; lastKnownFileType = sourcecode.c.objc; path = demo17Tests.m; sourceTree = "<group>"; };
		E6C00365286DE12E0016595D /* demo17UITests.xctest */ = {isa = PBXFileReference; explicitFileType = wrapper.cfbundle; includeInIndex = 0; path = demo17UITests.xctest; sourceTree = BUILT_PRODUCTS_DIR; };
		E6C00369286DE12E0016595D /* demo17UITests.m */ = {isa = PBXFileReference; lastKnownFileType = sourcecode.c.objc; path = demo17UITests.m; sourceTree = "<group>"; };
		E6C0036B286DE12E0016595D /* demo17UITestsLaunchTests.m */ = {isa = PBXFileReference; lastKnownFileType = sourcecode.c.objc; path = demo17UITestsLaunchTests.m; sourceTree = "<group>"; };
		E6C0037A286DE1780016595D /* http.h */ = {isa = PBXFileReference; fileEncoding = 4; lastKnownFileType = sourcecode.c.h; path = http.h; sourceTree = "<group>"; };
		E6C0037B286DE1780016595D /* amf.h */ = {isa = PBXFileReference; fileEncoding = 4; lastKnownFileType = sourcecode.c.h; path = amf.h; sourceTree = "<group>"; };
		E6C0037C286DE1780016595D /* log.h */ = {isa = PBXFileReference; fileEncoding = 4; lastKnownFileType = sourcecode.c.h; path = log.h; sourceTree = "<group>"; };
		E6C0037D286DE1780016595D /* rtmp.h */ = {isa = PBXFileReference; fileEncoding = 4; lastKnownFileType = sourcecode.c.h; path = rtmp.h; sourceTree = "<group>"; };
		E6C0037F286DE1780016595D /* librtmp.a */ = {isa = PBXFileReference; lastKnownFileType = archive.ar; path = librtmp.a; sourceTree = "<group>"; };
		E6C00381286DE2E90016595D /* download.flv */ = {isa = PBXFileReference; lastKnownFileType = file; path = download.flv; sourceTree = "<group>"; };
		E6C0038C286EC61A0016595D /* test_rtmp.h */ = {isa = PBXFileReference; lastKnownFileType = sourcecode.c.h; path = test_rtmp.h; sourceTree = "<group>"; };
		E6C0038D286EC61A0016595D /* test_rtmp.c */ = {isa = PBXFileReference; lastKnownFileType = sourcecode.c.c; path = test_rtmp.c; sourceTree = "<group>"; };
		E6C0038F286ECA3B0016595D /* FileManager.h */ = {isa = PBXFileReference; fileEncoding = 4; lastKnownFileType = sourcecode.c.h; path = FileManager.h; sourceTree = "<group>"; };
		E6C00390286ECA3B0016595D /* FileManager.m */ = {isa = PBXFileReference; fileEncoding = 4; lastKnownFileType = sourcecode.c.objc; path = FileManager.m; sourceTree = "<group>"; };
/* End PBXFileReference section */

/* Begin PBXFrameworksBuildPhase section */
		E6C0033D286DE12C0016595D /* Frameworks */ = {
			isa = PBXFrameworksBuildPhase;
			buildActionMask = 2147483647;
			files = (
				E6C00380286DE1780016595D /* librtmp.a in Frameworks */,
			);
			runOnlyForDeploymentPostprocessing = 0;
		};
		E6C00358286DE12E0016595D /* Frameworks */ = {
			isa = PBXFrameworksBuildPhase;
			buildActionMask = 2147483647;
			files = (
			);
			runOnlyForDeploymentPostprocessing = 0;
		};
		E6C00362286DE12E0016595D /* Frameworks */ = {
			isa = PBXFrameworksBuildPhase;
			buildActionMask = 2147483647;
			files = (
			);
			runOnlyForDeploymentPostprocessing = 0;
		};
/* End PBXFrameworksBuildPhase section */

/* Begin PBXGroup section */
		E6C00337286DE12C0016595D = {
			isa = PBXGroup;
			children = (
				E6C00342286DE12C0016595D /* demo17 */,
				E6C0035E286DE12E0016595D /* demo17Tests */,
				E6C00368286DE12E0016595D /* demo17UITests */,
				E6C00341286DE12C0016595D /* Products */,
			);
			sourceTree = "<group>";
		};
		E6C00341286DE12C0016595D /* Products */ = {
			isa = PBXGroup;
			children = (
				E6C00340286DE12C0016595D /* demo17.app */,
				E6C0035B286DE12E0016595D /* demo17Tests.xctest */,
				E6C00365286DE12E0016595D /* demo17UITests.xctest */,
			);
			name = Products;
			sourceTree = "<group>";
		};
		E6C00342286DE12C0016595D /* demo17 */ = {
			isa = PBXGroup;
			children = (
				E6C00381286DE2E90016595D /* download.flv */,
				E6C00378286DE1780016595D /* librtmp */,
				E6C00343286DE12C0016595D /* AppDelegate.h */,
				E6C00344286DE12C0016595D /* AppDelegate.m */,
				E6C00346286DE12C0016595D /* SceneDelegate.h */,
				E6C00347286DE12C0016595D /* SceneDelegate.m */,
				E6C00393286ECF570016595D /* rtmpStream */,
				E6C00392286ECF460016595D /* FileTool */,
				E6C00349286DE12C0016595D /* ViewController.h */,
				E6C0034A286DE12C0016595D /* ViewController.m */,
				E6C0034C286DE12C0016595D /* Main.storyboard */,
				E6C0034F286DE12E0016595D /* Assets.xcassets */,
				E6C00351286DE12E0016595D /* LaunchScreen.storyboard */,
				E6C00354286DE12E0016595D /* Info.plist */,
				E6C00355286DE12E0016595D /* main.m */,
			);
			path = demo17;
			sourceTree = "<group>";
		};
		E6C0035E286DE12E0016595D /* demo17Tests */ = {
			isa = PBXGroup;
			children = (
				E6C0035F286DE12E0016595D /* demo17Tests.m */,
			);
			path = demo17Tests;
			sourceTree = "<group>";
		};
		E6C00368286DE12E0016595D /* demo17UITests */ = {
			isa = PBXGroup;
			children = (
				E6C00369286DE12E0016595D /* demo17UITests.m */,
				E6C0036B286DE12E0016595D /* demo17UITestsLaunchTests.m */,
			);
			path = demo17UITests;
			sourceTree = "<group>";
		};
		E6C00378286DE1780016595D /* librtmp */ = {
			isa = PBXGroup;
			children = (
				E6C00379286DE1780016595D /* include */,
				E6C0037E286DE1780016595D /* lib */,
			);
			path = librtmp;
			sourceTree = "<group>";
		};
		E6C00379286DE1780016595D /* include */ = {
			isa = PBXGroup;
			children = (
				E6C0037A286DE1780016595D /* http.h */,
				E6C0037B286DE1780016595D /* amf.h */,
				E6C0037C286DE1780016595D /* log.h */,
				E6C0037D286DE1780016595D /* rtmp.h */,
			);
			path = include;
			sourceTree = "<group>";
		};
		E6C0037E286DE1780016595D /* lib */ = {
			isa = PBXGroup;
			children = (
				E6C0037F286DE1780016595D /* librtmp.a */,
			);
			path = lib;
			sourceTree = "<group>";
		};
		E6C00392286ECF460016595D /* FileTool */ = {
			isa = PBXGroup;
			children = (
				E6C0038F286ECA3B0016595D /* FileManager.h */,
				E6C00390286ECA3B0016595D /* FileManager.m */,
			);
			path = FileTool;
			sourceTree = "<group>";
		};
		E6C00393286ECF570016595D /* rtmpStream */ = {
			isa = PBXGroup;
			children = (
				E6C0038C286EC61A0016595D /* test_rtmp.h */,
				E6C0038D286EC61A0016595D /* test_rtmp.c */,
			);
			path = rtmpStream;
			sourceTree = "<group>";
		};
/* End PBXGroup section */

/* Begin PBXNativeTarget section */
		E6C0033F286DE12C0016595D /* demo17 */ = {
			isa = PBXNativeTarget;
			buildConfigurationList = E6C0036F286DE12E0016595D /* Build configuration list for PBXNativeTarget "demo17" */;
			buildPhases = (
				E6C0033C286DE12C0016595D /* Sources */,
				E6C0033D286DE12C0016595D /* Frameworks */,
				E6C0033E286DE12C0016595D /* Resources */,
			);
			buildRules = (
			);
			dependencies = (
			);
			name = demo17;
			productName = demo17;
			productReference = E6C00340286DE12C0016595D /* demo17.app */;
			productType = "com.apple.product-type.application";
		};
		E6C0035A286DE12E0016595D /* demo17Tests */ = {
			isa = PBXNativeTarget;
			buildConfigurationList = E6C00372286DE12E0016595D /* Build configuration list for PBXNativeTarget "demo17Tests" */;
			buildPhases = (
				E6C00357286DE12E0016595D /* Sources */,
				E6C00358286DE12E0016595D /* Frameworks */,
				E6C00359286DE12E0016595D /* Resources */,
			);
			buildRules = (
			);
			dependencies = (
				E6C0035D286DE12E0016595D /* PBXTargetDependency */,
			);
			name = demo17Tests;
			productName = demo17Tests;
			productReference = E6C0035B286DE12E0016595D /* demo17Tests.xctest */;
			productType = "com.apple.product-type.bundle.unit-test";
		};
		E6C00364286DE12E0016595D /* demo17UITests */ = {
			isa = PBXNativeTarget;
			buildConfigurationList = E6C00375286DE12E0016595D /* Build configuration list for PBXNativeTarget "demo17UITests" */;
			buildPhases = (
				E6C00361286DE12E0016595D /* Sources */,
				E6C00362286DE12E0016595D /* Frameworks */,
				E6C00363286DE12E0016595D /* Resources */,
			);
			buildRules = (
			);
			dependencies = (
				E6C00367286DE12E0016595D /* PBXTargetDependency */,
			);
			name = demo17UITests;
			productName = demo17UITests;
			productReference = E6C00365286DE12E0016595D /* demo17UITests.xctest */;
			productType = "com.apple.product-type.bundle.ui-testing";
		};
/* End PBXNativeTarget section */

/* Begin PBXProject section */
		E6C00338286DE12C0016595D /* Project object */ = {
			isa = PBXProject;
			attributes = {
				BuildIndependentTargetsInParallel = 1;
				LastUpgradeCheck = 1340;
				TargetAttributes = {
					E6C0033F286DE12C0016595D = {
						CreatedOnToolsVersion = 13.4.1;
					};
					E6C0035A286DE12E0016595D = {
						CreatedOnToolsVersion = 13.4.1;
						TestTargetID = E6C0033F286DE12C0016595D;
					};
					E6C00364286DE12E0016595D = {
						CreatedOnToolsVersion = 13.4.1;
						TestTargetID = E6C0033F286DE12C0016595D;
					};
				};
			};
			buildConfigurationList = E6C0033B286DE12C0016595D /* Build configuration list for PBXProject "demo17" */;
			compatibilityVersion = "Xcode 13.0";
			developmentRegion = en;
			hasScannedForEncodings = 0;
			knownRegions = (
				en,
				Base,
			);
			mainGroup = E6C00337286DE12C0016595D;
			productRefGroup = E6C00341286DE12C0016595D /* Products */;
			projectDirPath = "";
			projectRoot = "";
			targets = (
				E6C0033F286DE12C0016595D /* demo17 */,
				E6C0035A286DE12E0016595D /* demo17Tests */,
				E6C00364286DE12E0016595D /* demo17UITests */,
			);
		};
/* End PBXProject section */

/* Begin PBXResourcesBuildPhase section */
		E6C0033E286DE12C0016595D /* Resources */ = {
			isa = PBXResourcesBuildPhase;
			buildActionMask = 2147483647;
			files = (
				E6C00353286DE12E0016595D /* LaunchScreen.storyboard in Resources */,
				E6C00350286DE12E0016595D /* Assets.xcassets in Resources */,
				E6C00382286DE2E90016595D /* download.flv in Resources */,
				E6C0034E286DE12C0016595D /* Main.storyboard in Resources */,
			);
			runOnlyForDeploymentPostprocessing = 0;
		};
		E6C00359286DE12E0016595D /* Resources */ = {
			isa = PBXResourcesBuildPhase;
			buildActionMask = 2147483647;
			files = (
			);
			runOnlyForDeploymentPostprocessing = 0;
		};
		E6C00363286DE12E0016595D /* Resources */ = {
			isa = PBXResourcesBuildPhase;
			buildActionMask = 2147483647;
			files = (
			);
			runOnlyForDeploymentPostprocessing = 0;
		};
/* End PBXResourcesBuildPhase section */

/* Begin PBXSourcesBuildPhase section */
		E6C0033C286DE12C0016595D /* Sources */ = {
			isa = PBXSourcesBuildPhase;
			buildActionMask = 2147483647;
			files = (
				E6C0034B286DE12C0016595D /* ViewController.m in Sources */,
				E6C00391286ECA3B0016595D /* FileManager.m in Sources */,
				E6C00345286DE12C0016595D /* AppDelegate.m in Sources */,
				E6C0038E286EC61A0016595D /* test_rtmp.c in Sources */,
				E6C00356286DE12E0016595D /* main.m in Sources */,
				E6C00348286DE12C0016595D /* SceneDelegate.m in Sources */,
			);
			runOnlyForDeploymentPostprocessing = 0;
		};
		E6C00357286DE12E0016595D /* Sources */ = {
			isa = PBXSourcesBuildPhase;
			buildActionMask = 2147483647;
			files = (
				E6C00360286DE12E0016595D /* demo17Tests.m in Sources */,
			);
			runOnlyForDeploymentPostprocessing = 0;
		};
		E6C00361286DE12E0016595D /* Sources */ = {
			isa = PBXSourcesBuildPhase;
			buildActionMask = 2147483647;
			files = (
				E6C0036A286DE12E0016595D /* demo17UITests.m in Sources */,
				E6C0036C286DE12E0016595D /* demo17UITestsLaunchTests.m in Sources */,
			);
			runOnlyForDeploymentPostprocessing = 0;
		};
/* End PBXSourcesBuildPhase section */

/* Begin PBXTargetDependency section */
		E6C0035D286DE12E0016595D /* PBXTargetDependency */ = {
			isa = PBXTargetDependency;
			target = E6C0033F286DE12C0016595D /* demo17 */;
			targetProxy = E6C0035C286DE12E0016595D /* PBXContainerItemProxy */;
		};
		E6C00367286DE12E0016595D /* PBXTargetDependency */ = {
			isa = PBXTargetDependency;
			target = E6C0033F286DE12C0016595D /* demo17 */;
			targetProxy = E6C00366286DE12E0016595D /* PBXContainerItemProxy */;
		};
/* End PBXTargetDependency section */

/* Begin PBXVariantGroup section */
		E6C0034C286DE12C0016595D /* Main.storyboard */ = {
			isa = PBXVariantGroup;
			children = (
				E6C0034D286DE12C0016595D /* Base */,
			);
			name = Main.storyboard;
			sourceTree = "<group>";
		};
		E6C00351286DE12E0016595D /* LaunchScreen.storyboard */ = {
			isa = PBXVariantGroup;
			children = (
				E6C00352286DE12E0016595D /* Base */,
			);
			name = LaunchScreen.storyboard;
			sourceTree = "<group>";
		};
/* End PBXVariantGroup section */

/* Begin XCBuildConfiguration section */
		E6C0036D286DE12E0016595D /* Debug */ = {
			isa = XCBuildConfiguration;
			buildSettings = {
				ALWAYS_SEARCH_USER_PATHS = NO;
				CLANG_ANALYZER_NONNULL = YES;
				CLANG_ANALYZER_NUMBER_OBJECT_CONVERSION = YES_AGGRESSIVE;
				CLANG_CXX_LANGUAGE_STANDARD = "gnu++17";
				CLANG_ENABLE_MODULES = YES;
				CLANG_ENABLE_OBJC_ARC = YES;
				CLANG_ENABLE_OBJC_WEAK = YES;
				CLANG_WARN_BLOCK_CAPTURE_AUTORELEASING = YES;
				CLANG_WARN_BOOL_CONVERSION = YES;
				CLANG_WARN_COMMA = YES;
				CLANG_WARN_CONSTANT_CONVERSION = YES;
				CLANG_WARN_DEPRECATED_OBJC_IMPLEMENTATIONS = YES;
				CLANG_WARN_DIRECT_OBJC_ISA_USAGE = YES_ERROR;
				CLANG_WARN_DOCUMENTATION_COMMENTS = YES;
				CLANG_WARN_EMPTY_BODY = YES;
				CLANG_WARN_ENUM_CONVERSION = YES;
				CLANG_WARN_INFINITE_RECURSION = YES;
				CLANG_WARN_INT_CONVERSION = YES;
				CLANG_WARN_NON_LITERAL_NULL_CONVERSION = YES;
				CLANG_WARN_OBJC_IMPLICIT_RETAIN_SELF = YES;
				CLANG_WARN_OBJC_LITERAL_CONVERSION = YES;
				CLANG_WARN_OBJC_ROOT_CLASS = YES_ERROR;
				CLANG_WARN_QUOTED_INCLUDE_IN_FRAMEWORK_HEADER = YES;
				CLANG_WARN_RANGE_LOOP_ANALYSIS = YES;
				CLANG_WARN_STRICT_PROTOTYPES = YES;
				CLANG_WARN_SUSPICIOUS_MOVE = YES;
				CLANG_WARN_UNGUARDED_AVAILABILITY = YES_AGGRESSIVE;
				CLANG_WARN_UNREACHABLE_CODE = YES;
				CLANG_WARN__DUPLICATE_METHOD_MATCH = YES;
				COPY_PHASE_STRIP = NO;
				DEBUG_INFORMATION_FORMAT = dwarf;
				ENABLE_STRICT_OBJC_MSGSEND = YES;
				ENABLE_TESTABILITY = YES;
				GCC_C_LANGUAGE_STANDARD = gnu11;
				GCC_DYNAMIC_NO_PIC = NO;
				GCC_NO_COMMON_BLOCKS = YES;
				GCC_OPTIMIZATION_LEVEL = 0;
				GCC_PREPROCESSOR_DEFINITIONS = (
					"DEBUG=1",
					"$(inherited)",
				);
				GCC_WARN_64_TO_32_BIT_CONVERSION = YES;
				GCC_WARN_ABOUT_RETURN_TYPE = YES_ERROR;
				GCC_WARN_UNDECLARED_SELECTOR = YES;
				GCC_WARN_UNINITIALIZED_AUTOS = YES_AGGRESSIVE;
				GCC_WARN_UNUSED_FUNCTION = YES;
				GCC_WARN_UNUSED_VARIABLE = YES;
				IPHONEOS_DEPLOYMENT_TARGET = 15.5;
				MTL_ENABLE_DEBUG_INFO = INCLUDE_SOURCE;
				MTL_FAST_MATH = YES;
				ONLY_ACTIVE_ARCH = YES;
				SDKROOT = iphoneos;
			};
			name = Debug;
		};
		E6C0036E286DE12E0016595D /* Release */ = {
			isa = XCBuildConfiguration;
			buildSettings = {
				ALWAYS_SEARCH_USER_PATHS = NO;
				CLANG_ANALYZER_NONNULL = YES;
				CLANG_ANALYZER_NUMBER_OBJECT_CONVERSION = YES_AGGRESSIVE;
				CLANG_CXX_LANGUAGE_STANDARD = "gnu++17";
				CLANG_ENABLE_MODULES = YES;
				CLANG_ENABLE_OBJC_ARC = YES;
				CLANG_ENABLE_OBJC_WEAK = YES;
				CLANG_WARN_BLOCK_CAPTURE_AUTORELEASING = YES;
				CLANG_WARN_BOOL_CONVERSION = YES;
				CLANG_WARN_COMMA = YES;
				CLANG_WARN_CONSTANT_CONVERSION = YES;
				CLANG_WARN_DEPRECATED_OBJC_IMPLEMENTATIONS = YES;
				CLANG_WARN_DIRECT_OBJC_ISA_USAGE = YES_ERROR;
				CLANG_WARN_DOCUMENTATION_COMMENTS = YES;
				CLANG_WARN_EMPTY_BODY = YES;
				CLANG_WARN_ENUM_CONVERSION = YES;
				CLANG_WARN_INFINITE_RECURSION = YES;
				CLANG_WARN_INT_CONVERSION = YES;
				CLANG_WARN_NON_LITERAL_NULL_CONVERSION = YES;
				CLANG_WARN_OBJC_IMPLICIT_RETAIN_SELF = YES;
				CLANG_WARN_OBJC_LITERAL_CONVERSION = YES;
				CLANG_WARN_OBJC_ROOT_CLASS = YES_ERROR;
				CLANG_WARN_QUOTED_INCLUDE_IN_FRAMEWORK_HEADER = YES;
				CLANG_WARN_RANGE_LOOP_ANALYSIS = YES;
				CLANG_WARN_STRICT_PROTOTYPES = YES;
				CLANG_WARN_SUSPICIOUS_MOVE = YES;
				CLANG_WARN_UNGUARDED_AVAILABILITY = YES_AGGRESSIVE;
				CLANG_WARN_UNREACHABLE_CODE = YES;
				CLANG_WARN__DUPLICATE_METHOD_MATCH = YES;
				COPY_PHASE_STRIP = NO;
				DEBUG_INFORMATION_FORMAT = "dwarf-with-dsym";
				ENABLE_NS_ASSERTIONS = NO;
				ENABLE_STRICT_OBJC_MSGSEND = YES;
				GCC_C_LANGUAGE_STANDARD = gnu11;
				GCC_NO_COMMON_BLOCKS = YES;
				GCC_WARN_64_TO_32_BIT_CONVERSION = YES;
				GCC_WARN_ABOUT_RETURN_TYPE = YES_ERROR;
				GCC_WARN_UNDECLARED_SELECTOR = YES;
				GCC_WARN_UNINITIALIZED_AUTOS = YES_AGGRESSIVE;
				GCC_WARN_UNUSED_FUNCTION = YES;
				GCC_WARN_UNUSED_VARIABLE = YES;
				IPHONEOS_DEPLOYMENT_TARGET = 15.5;
				MTL_ENABLE_DEBUG_INFO = NO;
				MTL_FAST_MATH = YES;
				SDKROOT = iphoneos;
				VALIDATE_PRODUCT = YES;
			};
			name = Release;
		};
		E6C00370286DE12E0016595D /* Debug */ = {
			isa = XCBuildConfiguration;
			buildSettings = {
				ASSETCATALOG_COMPILER_APPICON_NAME = AppIcon;
				ASSETCATALOG_COMPILER_GLOBAL_ACCENT_COLOR_NAME = AccentColor;
				CODE_SIGN_STYLE = Automatic;
				CURRENT_PROJECT_VERSION = 1;
				DEVELOPMENT_TEAM = B4BV9D62UG;
				ENABLE_BITCODE = NO;
				GENERATE_INFOPLIST_FILE = YES;
				INFOPLIST_FILE = demo17/Info.plist;
				INFOPLIST_KEY_UIApplicationSupportsIndirectInputEvents = YES;
				INFOPLIST_KEY_UILaunchStoryboardName = LaunchScreen;
				INFOPLIST_KEY_UIMainStoryboardFile = Main;
				INFOPLIST_KEY_UISupportedInterfaceOrientations_iPad = "UIInterfaceOrientationPortrait UIInterfaceOrientationPortraitUpsideDown UIInterfaceOrientationLandscapeLeft UIInterfaceOrientationLandscapeRight";
				INFOPLIST_KEY_UISupportedInterfaceOrientations_iPhone = "UIInterfaceOrientationPortrait UIInterfaceOrientationLandscapeLeft UIInterfaceOrientationLandscapeRight";
				IPHONEOS_DEPLOYMENT_TARGET = 15.4;
				LD_RUNPATH_SEARCH_PATHS = (
					"$(inherited)",
					"@executable_path/Frameworks",
				);
				LIBRARY_SEARCH_PATHS = (
					"$(inherited)",
					"$(PROJECT_DIR)/demo17/librtmp/lib",
				);
				MARKETING_VERSION = 1.0;
				PRODUCT_BUNDLE_IDENTIFIER = sss.demo17;
				PRODUCT_NAME = "$(TARGET_NAME)";
				SWIFT_EMIT_LOC_STRINGS = YES;
				TARGETED_DEVICE_FAMILY = "1,2";
			};
			name = Debug;
		};
		E6C00371286DE12E0016595D /* Release */ = {
			isa = XCBuildConfiguration;
			buildSettings = {
				ASSETCATALOG_COMPILER_APPICON_NAME = AppIcon;
				ASSETCATALOG_COMPILER_GLOBAL_ACCENT_COLOR_NAME = AccentColor;
				CODE_SIGN_STYLE = Automatic;
				CURRENT_PROJECT_VERSION = 1;
				DEVELOPMENT_TEAM = B4BV9D62UG;
				ENABLE_BITCODE = NO;
				GENERATE_INFOPLIST_FILE = YES;
				INFOPLIST_FILE = demo17/Info.plist;
				INFOPLIST_KEY_UIApplicationSupportsIndirectInputEvents = YES;
				INFOPLIST_KEY_UILaunchStoryboardName = LaunchScreen;
				INFOPLIST_KEY_UIMainStoryboardFile = Main;
				INFOPLIST_KEY_UISupportedInterfaceOrientations_iPad = "UIInterfaceOrientationPortrait UIInterfaceOrientationPortraitUpsideDown UIInterfaceOrientationLandscapeLeft UIInterfaceOrientationLandscapeRight";
				INFOPLIST_KEY_UISupportedInterfaceOrientations_iPhone = "UIInterfaceOrientationPortrait UIInterfaceOrientationLandscapeLeft UIInterfaceOrientationLandscapeRight";
				IPHONEOS_DEPLOYMENT_TARGET = 15.4;
				LD_RUNPATH_SEARCH_PATHS = (
					"$(inherited)",
					"@executable_path/Frameworks",
				);
				LIBRARY_SEARCH_PATHS = (
					"$(inherited)",
					"$(PROJECT_DIR)/demo17/librtmp/lib",
				);
				MARKETING_VERSION = 1.0;
				PRODUCT_BUNDLE_IDENTIFIER = sss.demo17;
				PRODUCT_NAME = "$(TARGET_NAME)";
				SWIFT_EMIT_LOC_STRINGS = YES;
				TARGETED_DEVICE_FAMILY = "1,2";
			};
			name = Release;
		};
		E6C00373286DE12E0016595D /* Debug */ = {
			isa = XCBuildConfiguration;
			buildSettings = {
				BUNDLE_LOADER = "$(TEST_HOST)";
				CODE_SIGN_STYLE = Automatic;
				CURRENT_PROJECT_VERSION = 1;
				GENERATE_INFOPLIST_FILE = YES;
				IPHONEOS_DEPLOYMENT_TARGET = 15.5;
				MARKETING_VERSION = 1.0;
				PRODUCT_BUNDLE_IDENTIFIER = sss.demo17Tests;
				PRODUCT_NAME = "$(TARGET_NAME)";
				SWIFT_EMIT_LOC_STRINGS = NO;
				TARGETED_DEVICE_FAMILY = "1,2";
				TEST_HOST = "$(BUILT_PRODUCTS_DIR)/demo17.app/demo17";
			};
			name = Debug;
		};
		E6C00374286DE12E0016595D /* Release */ = {
			isa = XCBuildConfiguration;
			buildSettings = {
				BUNDLE_LOADER = "$(TEST_HOST)";
				CODE_SIGN_STYLE = Automatic;
				CURRENT_PROJECT_VERSION = 1;
				GENERATE_INFOPLIST_FILE = YES;
				IPHONEOS_DEPLOYMENT_TARGET = 15.5;
				MARKETING_VERSION = 1.0;
				PRODUCT_BUNDLE_IDENTIFIER = sss.demo17Tests;
				PRODUCT_NAME = "$(TARGET_NAME)";
				SWIFT_EMIT_LOC_STRINGS = NO;
				TARGETED_DEVICE_FAMILY = "1,2";
				TEST_HOST = "$(BUILT_PRODUCTS_DIR)/demo17.app/demo17";
			};
			name = Release;
		};
		E6C00376286DE12E0016595D /* Debug */ = {
			isa = XCBuildConfiguration;
			buildSettings = {
				CODE_SIGN_STYLE = Automatic;
				CURRENT_PROJECT_VERSION = 1;
				GENERATE_INFOPLIST_FILE = YES;
				MARKETING_VERSION = 1.0;
				PRODUCT_BUNDLE_IDENTIFIER = sss.demo17UITests;
				PRODUCT_NAME = "$(TARGET_NAME)";
				SWIFT_EMIT_LOC_STRINGS = NO;
				TARGETED_DEVICE_FAMILY = "1,2";
				TEST_TARGET_NAME = demo17;
			};
			name = Debug;
		};
		E6C00377286DE12E0016595D /* Release */ = {
			isa = XCBuildConfiguration;
			buildSettings = {
				CODE_SIGN_STYLE = Automatic;
				CURRENT_PROJECT_VERSION = 1;
				GENERATE_INFOPLIST_FILE = YES;
				MARKETING_VERSION = 1.0;
				PRODUCT_BUNDLE_IDENTIFIER = sss.demo17UITests;
				PRODUCT_NAME = "$(TARGET_NAME)";
				SWIFT_EMIT_LOC_STRINGS = NO;
				TARGETED_DEVICE_FAMILY = "1,2";
				TEST_TARGET_NAME = demo17;
			};
			name = Release;
		};
/* End XCBuildConfiguration section */

/* Begin XCConfigurationList section */
		E6C0033B286DE12C0016595D /* Build configuration list for PBXProject "demo17" */ = {
			isa = XCConfigurationList;
			buildConfigurations = (
				E6C0036D286DE12E0016595D /* Debug */,
				E6C0036E286DE12E0016595D /* Release */,
			);
			defaultConfigurationIsVisible = 0;
			defaultConfigurationName = Release;
		};
		E6C0036F286DE12E0016595D /* Build configuration list for PBXNativeTarget "demo17" */ = {
			isa = XCConfigurationList;
			buildConfigurations = (
				E6C00370286DE12E0016595D /* Debug */,
				E6C00371286DE12E0016595D /* Release */,
			);
			defaultConfigurationIsVisible = 0;
			defaultConfigurationName = Release;
		};
		E6C00372286DE12E0016595D /* Build configuration list for PBXNativeTarget "demo17Tests" */ = {
			isa = XCConfigurationList;
			buildConfigurations = (
				E6C00373286DE12E0016595D /* Debug */,
				E6C00374286DE12E0016595D /* Release */,
			);
			defaultConfigurationIsVisible = 0;
			defaultConfigurationName = Release;
		};
		E6C00375286DE12E0016595D /* Build configuration list for PBXNativeTarget "demo17UITests" */ = {
			isa = XCConfigurationList;
			buildConfigurations = (
				E6C00376286DE12E0016595D /* Debug */,
				E6C00377286DE12E0016595D /* Release */,
			);
			defaultConfigurationIsVisible = 0;
			defaultConfigurationName = Release;
		};
/* End XCConfigurationList section */
	};
	rootObject = E6C00338286DE12C0016595D /* Project object */;
}
