// !$*UTF8*$!
{
	archiveVersion = 1;
	classes = {
	};
	objectVersion = 46;
	objects = {

/* Begin PBXBuildFile section */
		F55352361D52D69F00F01DB3 /* main.m in Sources */ = {isa = PBXBuildFile; fileRef = F55352351D52D69F00F01DB3 /* main.m */; };
		F55352391D52D69F00F01DB3 /* AppDelegate.m in Sources */ = {isa = PBXBuildFile; fileRef = F55352381D52D69F00F01DB3 /* AppDelegate.m */; };
		F55352401D52D69F00F01DB3 /* GameViewController.m in Sources */ = {isa = PBXBuildFile; fileRef = F553523F1D52D69F00F01DB3 /* GameViewController.m */; };
		F55352431D52D69F00F01DB3 /* Main.storyboard in Resources */ = {isa = PBXBuildFile; fileRef = F55352411D52D69F00F01DB3 /* Main.storyboard */; };
		F55352451D52D69F00F01DB3 /* Assets.xcassets in Resources */ = {isa = PBXBuildFile; fileRef = F55352441D52D69F00F01DB3 /* Assets.xcassets */; };
		F55352481D52D69F00F01DB3 /* LaunchScreen.storyboard in Resources */ = {isa = PBXBuildFile; fileRef = F55352461D52D69F00F01DB3 /* LaunchScreen.storyboard */; };
/* End PBXBuildFile section */

/* Begin PBXFileReference section */
		F55352311D52D69F00F01DB3 /* OpenGL_draw_square.app */ = {isa = PBXFileReference; explicitFileType = wrapper.application; includeInIndex = 0; path = OpenGL_draw_square.app; sourceTree = BUILT_PRODUCTS_DIR; };
		F55352351D52D69F00F01DB3 /* main.m */ = {isa = PBXFileReference; lastKnownFileType = sourcecode.c.objc; path = main.m; sourceTree = "<group>"; };
		F55352371D52D69F00F01DB3 /* AppDelegate.h */ = {isa = PBXFileReference; lastKnownFileType = sourcecode.c.h; path = AppDelegate.h; sourceTree = "<group>"; };
		F55352381D52D69F00F01DB3 /* AppDelegate.m */ = {isa = PBXFileReference; lastKnownFileType = sourcecode.c.objc; path = AppDelegate.m; sourceTree = "<group>"; };
		F553523E1D52D69F00F01DB3 /* GameViewController.h */ = {isa = PBXFileReference; lastKnownFileType = sourcecode.c.h; path = GameViewController.h; sourceTree = "<group>"; };
		F553523F1D52D69F00F01DB3 /* GameViewController.m */ = {isa = PBXFileReference; lastKnownFileType = sourcecode.c.objc; path = GameViewController.m; sourceTree = "<group>"; };
		F55352421D52D69F00F01DB3 /* Base */ = {isa = PBXFileReference; lastKnownFileType = file.storyboard; name = Base; path = Base.lproj/Main.storyboard; sourceTree = "<group>"; };
		F55352441D52D69F00F01DB3 /* Assets.xcassets */ = {isa = PBXFileReference; lastKnownFileType = folder.assetcatalog; path = Assets.xcassets; sourceTree = "<group>"; };
		F55352471D52D69F00F01DB3 /* Base */ = {isa = PBXFileReference; lastKnownFileType = file.storyboard; name = Base; path = Base.lproj/LaunchScreen.storyboard; sourceTree = "<group>"; };
		F55352491D52D69F00F01DB3 /* Info.plist */ = {isa = PBXFileReference; lastKnownFileType = text.plist.xml; path = Info.plist; sourceTree = "<group>"; };
		F553524F1D52DF0D00F01DB3 /* os_cube.h */ = {isa = PBXFileReference; lastKnownFileType = sourcecode.c.h; path = os_cube.h; sourceTree = "<group>"; };
/* End PBXFileReference section */

/* Begin PBXFrameworksBuildPhase section */
		F553522E1D52D69F00F01DB3 /* Frameworks */ = {
			isa = PBXFrameworksBuildPhase;
			buildActionMask = 2147483647;
			files = (
			);
			runOnlyForDeploymentPostprocessing = 0;
		};
/* End PBXFrameworksBuildPhase section */

/* Begin PBXGroup section */
		F55352281D52D69F00F01DB3 = {
			isa = PBXGroup;
			children = (
				F55352331D52D69F00F01DB3 /* OpenGL_draw_square */,
				F55352321D52D69F00F01DB3 /* Products */,
			);
			sourceTree = "<group>";
		};
		F55352321D52D69F00F01DB3 /* Products */ = {
			isa = PBXGroup;
			children = (
				F55352311D52D69F00F01DB3 /* OpenGL_draw_square.app */,
			);
			name = Products;
			sourceTree = "<group>";
		};
		F55352331D52D69F00F01DB3 /* OpenGL_draw_square */ = {
			isa = PBXGroup;
			children = (
				F553524F1D52DF0D00F01DB3 /* os_cube.h */,
				F55352371D52D69F00F01DB3 /* AppDelegate.h */,
				F55352381D52D69F00F01DB3 /* AppDelegate.m */,
				F553523E1D52D69F00F01DB3 /* GameViewController.h */,
				F553523F1D52D69F00F01DB3 /* GameViewController.m */,
				F55352411D52D69F00F01DB3 /* Main.storyboard */,
				F55352441D52D69F00F01DB3 /* Assets.xcassets */,
				F55352461D52D69F00F01DB3 /* LaunchScreen.storyboard */,
				F55352491D52D69F00F01DB3 /* Info.plist */,
				F55352341D52D69F00F01DB3 /* Supporting Files */,
			);
			path = OpenGL_draw_square;
			sourceTree = "<group>";
		};
		F55352341D52D69F00F01DB3 /* Supporting Files */ = {
			isa = PBXGroup;
			children = (
				F55352351D52D69F00F01DB3 /* main.m */,
			);
			name = "Supporting Files";
			sourceTree = "<group>";
		};
/* End PBXGroup section */

/* Begin PBXNativeTarget section */
		F55352301D52D69F00F01DB3 /* OpenGL_draw_square */ = {
			isa = PBXNativeTarget;
			buildConfigurationList = F553524C1D52D69F00F01DB3 /* Build configuration list for PBXNativeTarget "OpenGL_draw_square" */;
			buildPhases = (
				F553522D1D52D69F00F01DB3 /* Sources */,
				F553522E1D52D69F00F01DB3 /* Frameworks */,
				F553522F1D52D69F00F01DB3 /* Resources */,
			);
			buildRules = (
			);
			dependencies = (
			);
			name = OpenGL_draw_square;
			productName = OpenGL_draw_square;
			productReference = F55352311D52D69F00F01DB3 /* OpenGL_draw_square.app */;
			productType = "com.apple.product-type.application";
		};
/* End PBXNativeTarget section */

/* Begin PBXProject section */
		F55352291D52D69F00F01DB3 /* Project object */ = {
			isa = PBXProject;
			attributes = {
				LastUpgradeCheck = 0730;
				ORGANIZATIONNAME = xujie;
				TargetAttributes = {
					F55352301D52D69F00F01DB3 = {
						CreatedOnToolsVersion = 7.3.1;
					};
				};
			};
			buildConfigurationList = F553522C1D52D69F00F01DB3 /* Build configuration list for PBXProject "OpenGL_draw_square" */;
			compatibilityVersion = "Xcode 3.2";
			developmentRegion = English;
			hasScannedForEncodings = 0;
			knownRegions = (
				en,
				Base,
			);
			mainGroup = F55352281D52D69F00F01DB3;
			productRefGroup = F55352321D52D69F00F01DB3 /* Products */;
			projectDirPath = "";
			projectRoot = "";
			targets = (
				F55352301D52D69F00F01DB3 /* OpenGL_draw_square */,
			);
		};
/* End PBXProject section */

/* Begin PBXResourcesBuildPhase section */
		F553522F1D52D69F00F01DB3 /* Resources */ = {
			isa = PBXResourcesBuildPhase;
			buildActionMask = 2147483647;
			files = (
				F55352431D52D69F00F01DB3 /* Main.storyboard in Resources */,
				F55352451D52D69F00F01DB3 /* Assets.xcassets in Resources */,
				F55352481D52D69F00F01DB3 /* LaunchScreen.storyboard in Resources */,
			);
			runOnlyForDeploymentPostprocessing = 0;
		};
/* End PBXResourcesBuildPhase section */

/* Begin PBXSourcesBuildPhase section */
		F553522D1D52D69F00F01DB3 /* Sources */ = {
			isa = PBXSourcesBuildPhase;
			buildActionMask = 2147483647;
			files = (
				F55352391D52D69F00F01DB3 /* AppDelegate.m in Sources */,
				F55352401D52D69F00F01DB3 /* GameViewController.m in Sources */,
				F55352361D52D69F00F01DB3 /* main.m in Sources */,
			);
			runOnlyForDeploymentPostprocessing = 0;
		};
/* End PBXSourcesBuildPhase section */

/* Begin PBXVariantGroup section */
		F55352411D52D69F00F01DB3 /* Main.storyboard */ = {
			isa = PBXVariantGroup;
			children = (
				F55352421D52D69F00F01DB3 /* Base */,
			);
			name = Main.storyboard;
			sourceTree = "<group>";
		};
		F55352461D52D69F00F01DB3 /* LaunchScreen.storyboard */ = {
			isa = PBXVariantGroup;
			children = (
				F55352471D52D69F00F01DB3 /* Base */,
			);
			name = LaunchScreen.storyboard;
			sourceTree = "<group>";
		};
/* End PBXVariantGroup section */

/* Begin XCBuildConfiguration section */
		F553524A1D52D69F00F01DB3 /* Debug */ = {
			isa = XCBuildConfiguration;
			buildSettings = {
				ALWAYS_SEARCH_USER_PATHS = NO;
				CLANG_ANALYZER_NONNULL = YES;
				CLANG_CXX_LANGUAGE_STANDARD = "gnu++0x";
				CLANG_CXX_LIBRARY = "libc++";
				CLANG_ENABLE_MODULES = YES;
				CLANG_ENABLE_OBJC_ARC = YES;
				CLANG_WARN_BOOL_CONVERSION = YES;
				CLANG_WARN_CONSTANT_CONVERSION = YES;
				CLANG_WARN_DIRECT_OBJC_ISA_USAGE = YES_ERROR;
				CLANG_WARN_EMPTY_BODY = YES;
				CLANG_WARN_ENUM_CONVERSION = YES;
				CLANG_WARN_INT_CONVERSION = YES;
				CLANG_WARN_OBJC_ROOT_CLASS = YES_ERROR;
				CLANG_WARN_UNREACHABLE_CODE = YES;
				CLANG_WARN__DUPLICATE_METHOD_MATCH = YES;
				"CODE_SIGN_IDENTITY[sdk=iphoneos*]" = "iPhone Developer";
				COPY_PHASE_STRIP = NO;
				DEBUG_INFORMATION_FORMAT = "dwarf-with-dsym";
				ENABLE_STRICT_OBJC_MSGSEND = YES;
				ENABLE_TESTABILITY = YES;
				GCC_C_LANGUAGE_STANDARD = gnu99;
				GCC_DYNAMIC_NO_PIC = NO;
				GCC_NO_COMMON_BLOCKS = YES;
				GCC_OPTIMIZATION_LEVEL = 0;
				GCC_PREPROCESSOR_DEFINITIONS = (
					"DEBUG=1",
					"$(inherited)",
				);
				GCC_WARN_64_TO_32_BIT_CONVERSION = YES;
				GCC_WARN_ABOUT_RETURN_TYPE = YES_ERROR;
				GCC_WARN_UNDECLARED_SELECTOR = YES;
				GCC_WARN_UNINITIALIZED_AUTOS = YES_AGGRESSIVE;
				GCC_WARN_UNUSED_FUNCTION = YES;
				GCC_WARN_UNUSED_VARIABLE = YES;
				IPHONEOS_DEPLOYMENT_TARGET = 9.3;
				MTL_ENABLE_DEBUG_INFO = YES;
				ONLY_ACTIVE_ARCH = YES;
				SDKROOT = iphoneos;
			};
			name = Debug;
		};
		F553524B1D52D69F00F01DB3 /* Release */ = {
			isa = XCBuildConfiguration;
			buildSettings = {
				ALWAYS_SEARCH_USER_PATHS = NO;
				CLANG_ANALYZER_NONNULL = YES;
				CLANG_CXX_LANGUAGE_STANDARD = "gnu++0x";
				CLANG_CXX_LIBRARY = "libc++";
				CLANG_ENABLE_MODULES = YES;
				CLANG_ENABLE_OBJC_ARC = YES;
				CLANG_WARN_BOOL_CONVERSION = YES;
				CLANG_WARN_CONSTANT_CONVERSION = YES;
				CLANG_WARN_DIRECT_OBJC_ISA_USAGE = YES_ERROR;
				CLANG_WARN_EMPTY_BODY = YES;
				CLANG_WARN_ENUM_CONVERSION = YES;
				CLANG_WARN_INT_CONVERSION = YES;
				CLANG_WARN_OBJC_ROOT_CLASS = YES_ERROR;
				CLANG_WARN_UNREACHABLE_CODE = YES;
				CLANG_WARN__DUPLICATE_METHOD_MATCH = YES;
				"CODE_SIGN_IDENTITY[sdk=iphoneos*]" = "iPhone Developer";
				COPY_PHASE_STRIP = NO;
				DEBUG_INFORMATION_FORMAT = "dwarf-with-dsym";
				ENABLE_NS_ASSERTIONS = NO;
				ENABLE_STRICT_OBJC_MSGSEND = YES;
				GCC_C_LANGUAGE_STANDARD = gnu99;
				GCC_NO_COMMON_BLOCKS = YES;
				GCC_WARN_64_TO_32_BIT_CONVERSION = YES;
				GCC_WARN_ABOUT_RETURN_TYPE = YES_ERROR;
				GCC_WARN_UNDECLARED_SELECTOR = YES;
				GCC_WARN_UNINITIALIZED_AUTOS = YES_AGGRESSIVE;
				GCC_WARN_UNUSED_FUNCTION = YES;
				GCC_WARN_UNUSED_VARIABLE = YES;
				IPHONEOS_DEPLOYMENT_TARGET = 9.3;
				MTL_ENABLE_DEBUG_INFO = NO;
				SDKROOT = iphoneos;
				VALIDATE_PRODUCT = YES;
			};
			name = Release;
		};
		F553524D1D52D69F00F01DB3 /* Debug */ = {
			isa = XCBuildConfiguration;
			buildSettings = {
				ASSETCATALOG_COMPILER_APPICON_NAME = AppIcon;
				INFOPLIST_FILE = OpenGL_draw_square/Info.plist;
				LD_RUNPATH_SEARCH_PATHS = "$(inherited) @executable_path/Frameworks";
				PRODUCT_BUNDLE_IDENTIFIER = "com.xujie.OpenGL-draw-square";
				PRODUCT_NAME = "$(TARGET_NAME)";
			};
			name = Debug;
		};
		F553524E1D52D69F00F01DB3 /* Release */ = {
			isa = XCBuildConfiguration;
			buildSettings = {
				ASSETCATALOG_COMPILER_APPICON_NAME = AppIcon;
				INFOPLIST_FILE = OpenGL_draw_square/Info.plist;
				LD_RUNPATH_SEARCH_PATHS = "$(inherited) @executable_path/Frameworks";
				PRODUCT_BUNDLE_IDENTIFIER = "com.xujie.OpenGL-draw-square";
				PRODUCT_NAME = "$(TARGET_NAME)";
			};
			name = Release;
		};
/* End XCBuildConfiguration section */

/* Begin XCConfigurationList section */
		F553522C1D52D69F00F01DB3 /* Build configuration list for PBXProject "OpenGL_draw_square" */ = {
			isa = XCConfigurationList;
			buildConfigurations = (
				F553524A1D52D69F00F01DB3 /* Debug */,
				F553524B1D52D69F00F01DB3 /* Release */,
			);
			defaultConfigurationIsVisible = 0;
			defaultConfigurationName = Release;
		};
		F553524C1D52D69F00F01DB3 /* Build configuration list for PBXNativeTarget "OpenGL_draw_square" */ = {
			isa = XCConfigurationList;
			buildConfigurations = (
				F553524D1D52D69F00F01DB3 /* Debug */,
				F553524E1D52D69F00F01DB3 /* Release */,
			);
			defaultConfigurationIsVisible = 0;
		};
/* End XCConfigurationList section */
	};
	rootObject = F55352291D52D69F00F01DB3 /* Project object */;
}
