// !$*UTF8*$!
{
	archiveVersion = 1;
	classes = {
	};
	objectVersion = 46;
	objects = {

/* Begin PBXBuildFile section */
		F5F602521D6A88E500BA33EF /* main.m in Sources */ = {isa = PBXBuildFile; fileRef = F5F602511D6A88E500BA33EF /* main.m */; };
		F5F602551D6A88E500BA33EF /* AppDelegate.m in Sources */ = {isa = PBXBuildFile; fileRef = F5F602541D6A88E500BA33EF /* AppDelegate.m */; };
		F5F602581D6A88E500BA33EF /* ViewController.m in Sources */ = {isa = PBXBuildFile; fileRef = F5F602571D6A88E500BA33EF /* ViewController.m */; };
		F5F6025B1D6A88E500BA33EF /* Main.storyboard in Resources */ = {isa = PBXBuildFile; fileRef = F5F602591D6A88E500BA33EF /* Main.storyboard */; };
		F5F6025D1D6A88E500BA33EF /* Assets.xcassets in Resources */ = {isa = PBXBuildFile; fileRef = F5F6025C1D6A88E500BA33EF /* Assets.xcassets */; };
		F5F602601D6A88E500BA33EF /* LaunchScreen.storyboard in Resources */ = {isa = PBXBuildFile; fileRef = F5F6025E1D6A88E500BA33EF /* LaunchScreen.storyboard */; };
		F5F6026A1D6A891200BA33EF /* OSShaderManager.m in Sources */ = {isa = PBXBuildFile; fileRef = F5F602691D6A891200BA33EF /* OSShaderManager.m */; };
		F5F6026C1D6A893C00BA33EF /* Shader.vsh in Resources */ = {isa = PBXBuildFile; fileRef = F5F6026B1D6A893C00BA33EF /* Shader.vsh */; };
		F5F6026E1D6A894F00BA33EF /* Shader.fsh in Resources */ = {isa = PBXBuildFile; fileRef = F5F6026D1D6A894F00BA33EF /* Shader.fsh */; };
		F5F602701D6AA69E00BA33EF /* 1.jpg in Resources */ = {isa = PBXBuildFile; fileRef = F5F6026F1D6AA69E00BA33EF /* 1.jpg */; };
		F5F602741D6AFA7900BA33EF /* 2.png in Resources */ = {isa = PBXBuildFile; fileRef = F5F602731D6AFA7900BA33EF /* 2.png */; };
/* End PBXBuildFile section */

/* Begin PBXFileReference section */
		F5F6024D1D6A88E500BA33EF /* OpenGLES_texture.app */ = {isa = PBXFileReference; explicitFileType = wrapper.application; includeInIndex = 0; path = OpenGLES_texture.app; sourceTree = BUILT_PRODUCTS_DIR; };
		F5F602511D6A88E500BA33EF /* main.m */ = {isa = PBXFileReference; lastKnownFileType = sourcecode.c.objc; path = main.m; sourceTree = "<group>"; };
		F5F602531D6A88E500BA33EF /* AppDelegate.h */ = {isa = PBXFileReference; lastKnownFileType = sourcecode.c.h; path = AppDelegate.h; sourceTree = "<group>"; };
		F5F602541D6A88E500BA33EF /* AppDelegate.m */ = {isa = PBXFileReference; lastKnownFileType = sourcecode.c.objc; path = AppDelegate.m; sourceTree = "<group>"; };
		F5F602561D6A88E500BA33EF /* ViewController.h */ = {isa = PBXFileReference; lastKnownFileType = sourcecode.c.h; path = ViewController.h; sourceTree = "<group>"; };
		F5F602571D6A88E500BA33EF /* ViewController.m */ = {isa = PBXFileReference; lastKnownFileType = sourcecode.c.objc; path = ViewController.m; sourceTree = "<group>"; };
		F5F6025A1D6A88E500BA33EF /* Base */ = {isa = PBXFileReference; lastKnownFileType = file.storyboard; name = Base; path = Base.lproj/Main.storyboard; sourceTree = "<group>"; };
		F5F6025C1D6A88E500BA33EF /* Assets.xcassets */ = {isa = PBXFileReference; lastKnownFileType = folder.assetcatalog; path = Assets.xcassets; sourceTree = "<group>"; };
		F5F6025F1D6A88E500BA33EF /* Base */ = {isa = PBXFileReference; lastKnownFileType = file.storyboard; name = Base; path = Base.lproj/LaunchScreen.storyboard; sourceTree = "<group>"; };
		F5F602611D6A88E500BA33EF /* Info.plist */ = {isa = PBXFileReference; lastKnownFileType = text.plist.xml; path = Info.plist; sourceTree = "<group>"; };
		F5F602681D6A891200BA33EF /* OSShaderManager.h */ = {isa = PBXFileReference; fileEncoding = 4; lastKnownFileType = sourcecode.c.h; path = OSShaderManager.h; sourceTree = "<group>"; };
		F5F602691D6A891200BA33EF /* OSShaderManager.m */ = {isa = PBXFileReference; fileEncoding = 4; lastKnownFileType = sourcecode.c.objc; path = OSShaderManager.m; sourceTree = "<group>"; };
		F5F6026B1D6A893C00BA33EF /* Shader.vsh */ = {isa = PBXFileReference; fileEncoding = 4; lastKnownFileType = sourcecode.glsl; path = Shader.vsh; sourceTree = "<group>"; };
		F5F6026D1D6A894F00BA33EF /* Shader.fsh */ = {isa = PBXFileReference; fileEncoding = 4; lastKnownFileType = sourcecode.glsl; path = Shader.fsh; sourceTree = "<group>"; };
		F5F6026F1D6AA69E00BA33EF /* 1.jpg */ = {isa = PBXFileReference; lastKnownFileType = image.jpeg; name = 1.jpg; path = OSShader/1.jpg; sourceTree = "<group>"; };
		F5F602731D6AFA7900BA33EF /* 2.png */ = {isa = PBXFileReference; lastKnownFileType = image.png; path = 2.png; sourceTree = "<group>"; };
/* End PBXFileReference section */

/* Begin PBXFrameworksBuildPhase section */
		F5F6024A1D6A88E500BA33EF /* Frameworks */ = {
			isa = PBXFrameworksBuildPhase;
			buildActionMask = 2147483647;
			files = (
			);
			runOnlyForDeploymentPostprocessing = 0;
		};
/* End PBXFrameworksBuildPhase section */

/* Begin PBXGroup section */
		F5F602441D6A88E500BA33EF = {
			isa = PBXGroup;
			children = (
				F5F6024F1D6A88E500BA33EF /* OpenGLES_texture */,
				F5F6024E1D6A88E500BA33EF /* Products */,
			);
			sourceTree = "<group>";
		};
		F5F6024E1D6A88E500BA33EF /* Products */ = {
			isa = PBXGroup;
			children = (
				F5F6024D1D6A88E500BA33EF /* OpenGLES_texture.app */,
			);
			name = Products;
			sourceTree = "<group>";
		};
		F5F6024F1D6A88E500BA33EF /* OpenGLES_texture */ = {
			isa = PBXGroup;
			children = (
				F5F602731D6AFA7900BA33EF /* 2.png */,
				F5F6026F1D6AA69E00BA33EF /* 1.jpg */,
				F5F602671D6A891200BA33EF /* OSShader */,
				F5F602531D6A88E500BA33EF /* AppDelegate.h */,
				F5F602541D6A88E500BA33EF /* AppDelegate.m */,
				F5F602561D6A88E500BA33EF /* ViewController.h */,
				F5F602571D6A88E500BA33EF /* ViewController.m */,
				F5F602591D6A88E500BA33EF /* Main.storyboard */,
				F5F6025C1D6A88E500BA33EF /* Assets.xcassets */,
				F5F6025E1D6A88E500BA33EF /* LaunchScreen.storyboard */,
				F5F602611D6A88E500BA33EF /* Info.plist */,
				F5F602501D6A88E500BA33EF /* Supporting Files */,
			);
			path = OpenGLES_texture;
			sourceTree = "<group>";
		};
		F5F602501D6A88E500BA33EF /* Supporting Files */ = {
			isa = PBXGroup;
			children = (
				F5F602511D6A88E500BA33EF /* main.m */,
			);
			name = "Supporting Files";
			sourceTree = "<group>";
		};
		F5F602671D6A891200BA33EF /* OSShader */ = {
			isa = PBXGroup;
			children = (
				F5F602681D6A891200BA33EF /* OSShaderManager.h */,
				F5F602691D6A891200BA33EF /* OSShaderManager.m */,
				F5F6026B1D6A893C00BA33EF /* Shader.vsh */,
				F5F6026D1D6A894F00BA33EF /* Shader.fsh */,
			);
			path = OSShader;
			sourceTree = "<group>";
		};
/* End PBXGroup section */

/* Begin PBXNativeTarget section */
		F5F6024C1D6A88E500BA33EF /* OpenGLES_texture */ = {
			isa = PBXNativeTarget;
			buildConfigurationList = F5F602641D6A88E500BA33EF /* Build configuration list for PBXNativeTarget "OpenGLES_texture" */;
			buildPhases = (
				F5F602491D6A88E500BA33EF /* Sources */,
				F5F6024A1D6A88E500BA33EF /* Frameworks */,
				F5F6024B1D6A88E500BA33EF /* Resources */,
			);
			buildRules = (
			);
			dependencies = (
			);
			name = OpenGLES_texture;
			productName = OpenGLES_texture;
			productReference = F5F6024D1D6A88E500BA33EF /* OpenGLES_texture.app */;
			productType = "com.apple.product-type.application";
		};
/* End PBXNativeTarget section */

/* Begin PBXProject section */
		F5F602451D6A88E500BA33EF /* Project object */ = {
			isa = PBXProject;
			attributes = {
				LastUpgradeCheck = 0730;
				ORGANIZATIONNAME = xujie;
				TargetAttributes = {
					F5F6024C1D6A88E500BA33EF = {
						CreatedOnToolsVersion = 7.3.1;
					};
				};
			};
			buildConfigurationList = F5F602481D6A88E500BA33EF /* Build configuration list for PBXProject "OpenGLES_texture" */;
			compatibilityVersion = "Xcode 3.2";
			developmentRegion = English;
			hasScannedForEncodings = 0;
			knownRegions = (
				en,
				Base,
			);
			mainGroup = F5F602441D6A88E500BA33EF;
			productRefGroup = F5F6024E1D6A88E500BA33EF /* Products */;
			projectDirPath = "";
			projectRoot = "";
			targets = (
				F5F6024C1D6A88E500BA33EF /* OpenGLES_texture */,
			);
		};
/* End PBXProject section */

/* Begin PBXResourcesBuildPhase section */
		F5F6024B1D6A88E500BA33EF /* Resources */ = {
			isa = PBXResourcesBuildPhase;
			buildActionMask = 2147483647;
			files = (
				F5F6026C1D6A893C00BA33EF /* Shader.vsh in Resources */,
				F5F602601D6A88E500BA33EF /* LaunchScreen.storyboard in Resources */,
				F5F602741D6AFA7900BA33EF /* 2.png in Resources */,
				F5F6025D1D6A88E500BA33EF /* Assets.xcassets in Resources */,
				F5F602701D6AA69E00BA33EF /* 1.jpg in Resources */,
				F5F6025B1D6A88E500BA33EF /* Main.storyboard in Resources */,
				F5F6026E1D6A894F00BA33EF /* Shader.fsh in Resources */,
			);
			runOnlyForDeploymentPostprocessing = 0;
		};
/* End PBXResourcesBuildPhase section */

/* Begin PBXSourcesBuildPhase section */
		F5F602491D6A88E500BA33EF /* Sources */ = {
			isa = PBXSourcesBuildPhase;
			buildActionMask = 2147483647;
			files = (
				F5F6026A1D6A891200BA33EF /* OSShaderManager.m in Sources */,
				F5F602581D6A88E500BA33EF /* ViewController.m in Sources */,
				F5F602551D6A88E500BA33EF /* AppDelegate.m in Sources */,
				F5F602521D6A88E500BA33EF /* main.m in Sources */,
			);
			runOnlyForDeploymentPostprocessing = 0;
		};
/* End PBXSourcesBuildPhase section */

/* Begin PBXVariantGroup section */
		F5F602591D6A88E500BA33EF /* Main.storyboard */ = {
			isa = PBXVariantGroup;
			children = (
				F5F6025A1D6A88E500BA33EF /* Base */,
			);
			name = Main.storyboard;
			sourceTree = "<group>";
		};
		F5F6025E1D6A88E500BA33EF /* LaunchScreen.storyboard */ = {
			isa = PBXVariantGroup;
			children = (
				F5F6025F1D6A88E500BA33EF /* Base */,
			);
			name = LaunchScreen.storyboard;
			sourceTree = "<group>";
		};
/* End PBXVariantGroup section */

/* Begin XCBuildConfiguration section */
		F5F602621D6A88E500BA33EF /* Debug */ = {
			isa = XCBuildConfiguration;
			buildSettings = {
				ALWAYS_SEARCH_USER_PATHS = NO;
				CLANG_ANALYZER_NONNULL = YES;
				CLANG_CXX_LANGUAGE_STANDARD = "gnu++0x";
				CLANG_CXX_LIBRARY = "libc++";
				CLANG_ENABLE_MODULES = YES;
				CLANG_ENABLE_OBJC_ARC = YES;
				CLANG_WARN_BOOL_CONVERSION = YES;
				CLANG_WARN_CONSTANT_CONVERSION = YES;
				CLANG_WARN_DIRECT_OBJC_ISA_USAGE = YES_ERROR;
				CLANG_WARN_EMPTY_BODY = YES;
				CLANG_WARN_ENUM_CONVERSION = YES;
				CLANG_WARN_INT_CONVERSION = YES;
				CLANG_WARN_OBJC_ROOT_CLASS = YES_ERROR;
				CLANG_WARN_UNREACHABLE_CODE = YES;
				CLANG_WARN__DUPLICATE_METHOD_MATCH = YES;
				"CODE_SIGN_IDENTITY[sdk=iphoneos*]" = "iPhone Developer";
				COPY_PHASE_STRIP = NO;
				DEBUG_INFORMATION_FORMAT = dwarf;
				ENABLE_STRICT_OBJC_MSGSEND = YES;
				ENABLE_TESTABILITY = YES;
				GCC_C_LANGUAGE_STANDARD = gnu99;
				GCC_DYNAMIC_NO_PIC = NO;
				GCC_NO_COMMON_BLOCKS = YES;
				GCC_OPTIMIZATION_LEVEL = 0;
				GCC_PREPROCESSOR_DEFINITIONS = (
					"DEBUG=1",
					"$(inherited)",
				);
				GCC_WARN_64_TO_32_BIT_CONVERSION = YES;
				GCC_WARN_ABOUT_RETURN_TYPE = YES_ERROR;
				GCC_WARN_UNDECLARED_SELECTOR = YES;
				GCC_WARN_UNINITIALIZED_AUTOS = YES_AGGRESSIVE;
				GCC_WARN_UNUSED_FUNCTION = YES;
				GCC_WARN_UNUSED_VARIABLE = YES;
				IPHONEOS_DEPLOYMENT_TARGET = 9.3;
				MTL_ENABLE_DEBUG_INFO = YES;
				ONLY_ACTIVE_ARCH = YES;
				SDKROOT = iphoneos;
			};
			name = Debug;
		};
		F5F602631D6A88E500BA33EF /* Release */ = {
			isa = XCBuildConfiguration;
			buildSettings = {
				ALWAYS_SEARCH_USER_PATHS = NO;
				CLANG_ANALYZER_NONNULL = YES;
				CLANG_CXX_LANGUAGE_STANDARD = "gnu++0x";
				CLANG_CXX_LIBRARY = "libc++";
				CLANG_ENABLE_MODULES = YES;
				CLANG_ENABLE_OBJC_ARC = YES;
				CLANG_WARN_BOOL_CONVERSION = YES;
				CLANG_WARN_CONSTANT_CONVERSION = YES;
				CLANG_WARN_DIRECT_OBJC_ISA_USAGE = YES_ERROR;
				CLANG_WARN_EMPTY_BODY = YES;
				CLANG_WARN_ENUM_CONVERSION = YES;
				CLANG_WARN_INT_CONVERSION = YES;
				CLANG_WARN_OBJC_ROOT_CLASS = YES_ERROR;
				CLANG_WARN_UNREACHABLE_CODE = YES;
				CLANG_WARN__DUPLICATE_METHOD_MATCH = YES;
				"CODE_SIGN_IDENTITY[sdk=iphoneos*]" = "iPhone Developer";
				COPY_PHASE_STRIP = NO;
				DEBUG_INFORMATION_FORMAT = "dwarf-with-dsym";
				ENABLE_NS_ASSERTIONS = NO;
				ENABLE_STRICT_OBJC_MSGSEND = YES;
				GCC_C_LANGUAGE_STANDARD = gnu99;
				GCC_NO_COMMON_BLOCKS = YES;
				GCC_WARN_64_TO_32_BIT_CONVERSION = YES;
				GCC_WARN_ABOUT_RETURN_TYPE = YES_ERROR;
				GCC_WARN_UNDECLARED_SELECTOR = YES;
				GCC_WARN_UNINITIALIZED_AUTOS = YES_AGGRESSIVE;
				GCC_WARN_UNUSED_FUNCTION = YES;
				GCC_WARN_UNUSED_VARIABLE = YES;
				IPHONEOS_DEPLOYMENT_TARGET = 9.3;
				MTL_ENABLE_DEBUG_INFO = NO;
				SDKROOT = iphoneos;
				VALIDATE_PRODUCT = YES;
			};
			name = Release;
		};
		F5F602651D6A88E500BA33EF /* Debug */ = {
			isa = XCBuildConfiguration;
			buildSettings = {
				ASSETCATALOG_COMPILER_APPICON_NAME = AppIcon;
				INFOPLIST_FILE = OpenGLES_texture/Info.plist;
				LD_RUNPATH_SEARCH_PATHS = "$(inherited) @executable_path/Frameworks";
				PRODUCT_BUNDLE_IDENTIFIER = "com.xujie.OpenGLES-texture";
				PRODUCT_NAME = "$(TARGET_NAME)";
			};
			name = Debug;
		};
		F5F602661D6A88E500BA33EF /* Release */ = {
			isa = XCBuildConfiguration;
			buildSettings = {
				ASSETCATALOG_COMPILER_APPICON_NAME = AppIcon;
				INFOPLIST_FILE = OpenGLES_texture/Info.plist;
				LD_RUNPATH_SEARCH_PATHS = "$(inherited) @executable_path/Frameworks";
				PRODUCT_BUNDLE_IDENTIFIER = "com.xujie.OpenGLES-texture";
				PRODUCT_NAME = "$(TARGET_NAME)";
			};
			name = Release;
		};
/* End XCBuildConfiguration section */

/* Begin XCConfigurationList section */
		F5F602481D6A88E500BA33EF /* Build configuration list for PBXProject "OpenGLES_texture" */ = {
			isa = XCConfigurationList;
			buildConfigurations = (
				F5F602621D6A88E500BA33EF /* Debug */,
				F5F602631D6A88E500BA33EF /* Release */,
			);
			defaultConfigurationIsVisible = 0;
			defaultConfigurationName = Release;
		};
		F5F602641D6A88E500BA33EF /* Build configuration list for PBXNativeTarget "OpenGLES_texture" */ = {
			isa = XCConfigurationList;
			buildConfigurations = (
				F5F602651D6A88E500BA33EF /* Debug */,
				F5F602661D6A88E500BA33EF /* Release */,
			);
			defaultConfigurationIsVisible = 0;
			defaultConfigurationName = Release;
		};
/* End XCConfigurationList section */
	};
	rootObject = F5F602451D6A88E500BA33EF /* Project object */;
}
