// !$*UTF8*$!
{
	archiveVersion = 1;
	classes = {
	};
	objectVersion = 46;
	objects = {

/* Begin PBXBuildFile section */
		F51A84111D61453600376C4F /* main.m in Sources */ = {isa = PBXBuildFile; fileRef = F51A84101D61453600376C4F /* main.m */; };
		F51A84141D61453600376C4F /* AppDelegate.m in Sources */ = {isa = PBXBuildFile; fileRef = F51A84131D61453600376C4F /* AppDelegate.m */; };
		F51A841E1D61453600376C4F /* Main.storyboard in Resources */ = {isa = PBXBuildFile; fileRef = F51A841C1D61453600376C4F /* Main.storyboard */; };
		F51A84201D61453600376C4F /* Assets.xcassets in Resources */ = {isa = PBXBuildFile; fileRef = F51A841F1D61453600376C4F /* Assets.xcassets */; };
		F51A84231D61453600376C4F /* LaunchScreen.storyboard in Resources */ = {isa = PBXBuildFile; fileRef = F51A84211D61453600376C4F /* LaunchScreen.storyboard */; };
		F51A845F1D61AAF000376C4F /* OSChartViewController.m in Sources */ = {isa = PBXBuildFile; fileRef = F51A845A1D61AAF000376C4F /* OSChartViewController.m */; };
		F51A84601D61AAF000376C4F /* OSCube.m in Sources */ = {isa = PBXBuildFile; fileRef = F51A845C1D61AAF000376C4F /* OSCube.m */; };
		F51A84611D61AAF000376C4F /* OSPosition.m in Sources */ = {isa = PBXBuildFile; fileRef = F51A845E1D61AAF000376C4F /* OSPosition.m */; };
		F51A84691D61AB8D00376C4F /* ViewController.m in Sources */ = {isa = PBXBuildFile; fileRef = F51A84681D61AB8D00376C4F /* ViewController.m */; };
		F59D5E451D61ADDE00B3BB73 /* OSCaptureView.m in Sources */ = {isa = PBXBuildFile; fileRef = F59D5E441D61ADDE00B3BB73 /* OSCaptureView.m */; };
/* End PBXBuildFile section */

/* Begin PBXFileReference section */
		F51A840C1D61453600376C4F /* OSChart.app */ = {isa = PBXFileReference; explicitFileType = wrapper.application; includeInIndex = 0; path = OSChart.app; sourceTree = BUILT_PRODUCTS_DIR; };
		F51A84101D61453600376C4F /* main.m */ = {isa = PBXFileReference; lastKnownFileType = sourcecode.c.objc; path = main.m; sourceTree = "<group>"; };
		F51A84121D61453600376C4F /* AppDelegate.h */ = {isa = PBXFileReference; lastKnownFileType = sourcecode.c.h; path = AppDelegate.h; sourceTree = "<group>"; };
		F51A84131D61453600376C4F /* AppDelegate.m */ = {isa = PBXFileReference; lastKnownFileType = sourcecode.c.objc; path = AppDelegate.m; sourceTree = "<group>"; };
		F51A841D1D61453600376C4F /* Base */ = {isa = PBXFileReference; lastKnownFileType = file.storyboard; name = Base; path = Base.lproj/Main.storyboard; sourceTree = "<group>"; };
		F51A841F1D61453600376C4F /* Assets.xcassets */ = {isa = PBXFileReference; lastKnownFileType = folder.assetcatalog; path = Assets.xcassets; sourceTree = "<group>"; };
		F51A84221D61453600376C4F /* Base */ = {isa = PBXFileReference; lastKnownFileType = file.storyboard; name = Base; path = Base.lproj/LaunchScreen.storyboard; sourceTree = "<group>"; };
		F51A84241D61453600376C4F /* Info.plist */ = {isa = PBXFileReference; lastKnownFileType = text.plist.xml; path = Info.plist; sourceTree = "<group>"; };
		F51A84591D61AAF000376C4F /* OSChartViewController.h */ = {isa = PBXFileReference; fileEncoding = 4; lastKnownFileType = sourcecode.c.h; path = OSChartViewController.h; sourceTree = "<group>"; };
		F51A845A1D61AAF000376C4F /* OSChartViewController.m */ = {isa = PBXFileReference; fileEncoding = 4; lastKnownFileType = sourcecode.c.objc; path = OSChartViewController.m; sourceTree = "<group>"; };
		F51A845B1D61AAF000376C4F /* OSCube.h */ = {isa = PBXFileReference; fileEncoding = 4; lastKnownFileType = sourcecode.c.h; path = OSCube.h; sourceTree = "<group>"; };
		F51A845C1D61AAF000376C4F /* OSCube.m */ = {isa = PBXFileReference; fileEncoding = 4; lastKnownFileType = sourcecode.c.objc; path = OSCube.m; sourceTree = "<group>"; };
		F51A845D1D61AAF000376C4F /* OSPosition.h */ = {isa = PBXFileReference; fileEncoding = 4; lastKnownFileType = sourcecode.c.h; path = OSPosition.h; sourceTree = "<group>"; };
		F51A845E1D61AAF000376C4F /* OSPosition.m */ = {isa = PBXFileReference; fileEncoding = 4; lastKnownFileType = sourcecode.c.objc; path = OSPosition.m; sourceTree = "<group>"; };
		F51A84671D61AB8D00376C4F /* ViewController.h */ = {isa = PBXFileReference; fileEncoding = 4; lastKnownFileType = sourcecode.c.h; name = ViewController.h; path = ../ViewController.h; sourceTree = "<group>"; };
		F51A84681D61AB8D00376C4F /* ViewController.m */ = {isa = PBXFileReference; fileEncoding = 4; lastKnownFileType = sourcecode.c.objc; name = ViewController.m; path = ../ViewController.m; sourceTree = "<group>"; };
		F59D5E431D61ADDE00B3BB73 /* OSCaptureView.h */ = {isa = PBXFileReference; fileEncoding = 4; lastKnownFileType = sourcecode.c.h; path = OSCaptureView.h; sourceTree = "<group>"; };
		F59D5E441D61ADDE00B3BB73 /* OSCaptureView.m */ = {isa = PBXFileReference; fileEncoding = 4; lastKnownFileType = sourcecode.c.objc; path = OSCaptureView.m; sourceTree = "<group>"; };
/* End PBXFileReference section */

/* Begin PBXFrameworksBuildPhase section */
		F51A84091D61453600376C4F /* Frameworks */ = {
			isa = PBXFrameworksBuildPhase;
			buildActionMask = 2147483647;
			files = (
			);
			runOnlyForDeploymentPostprocessing = 0;
		};
/* End PBXFrameworksBuildPhase section */

/* Begin PBXGroup section */
		F51A84031D61453600376C4F = {
			isa = PBXGroup;
			children = (
				F51A840E1D61453600376C4F /* OSChart */,
				F51A840D1D61453600376C4F /* Products */,
			);
			sourceTree = "<group>";
		};
		F51A840D1D61453600376C4F /* Products */ = {
			isa = PBXGroup;
			children = (
				F51A840C1D61453600376C4F /* OSChart.app */,
			);
			name = Products;
			sourceTree = "<group>";
		};
		F51A840E1D61453600376C4F /* OSChart */ = {
			isa = PBXGroup;
			children = (
				F59D5E421D61ADDE00B3BB73 /* OSCapture */,
				F51A84581D61AAF000376C4F /* OSChartFrame */,
				F51A84121D61453600376C4F /* AppDelegate.h */,
				F51A84131D61453600376C4F /* AppDelegate.m */,
				F51A84671D61AB8D00376C4F /* ViewController.h */,
				F51A84681D61AB8D00376C4F /* ViewController.m */,
				F51A841C1D61453600376C4F /* Main.storyboard */,
				F51A841F1D61453600376C4F /* Assets.xcassets */,
				F51A84211D61453600376C4F /* LaunchScreen.storyboard */,
				F51A84241D61453600376C4F /* Info.plist */,
				F51A840F1D61453600376C4F /* Supporting Files */,
			);
			path = OSChart;
			sourceTree = "<group>";
		};
		F51A840F1D61453600376C4F /* Supporting Files */ = {
			isa = PBXGroup;
			children = (
				F51A84101D61453600376C4F /* main.m */,
			);
			name = "Supporting Files";
			sourceTree = "<group>";
		};
		F51A84581D61AAF000376C4F /* OSChartFrame */ = {
			isa = PBXGroup;
			children = (
				F51A84591D61AAF000376C4F /* OSChartViewController.h */,
				F51A845A1D61AAF000376C4F /* OSChartViewController.m */,
				F51A845B1D61AAF000376C4F /* OSCube.h */,
				F51A845C1D61AAF000376C4F /* OSCube.m */,
				F51A845D1D61AAF000376C4F /* OSPosition.h */,
				F51A845E1D61AAF000376C4F /* OSPosition.m */,
			);
			path = OSChartFrame;
			sourceTree = "<group>";
		};
		F59D5E421D61ADDE00B3BB73 /* OSCapture */ = {
			isa = PBXGroup;
			children = (
				F59D5E431D61ADDE00B3BB73 /* OSCaptureView.h */,
				F59D5E441D61ADDE00B3BB73 /* OSCaptureView.m */,
			);
			path = OSCapture;
			sourceTree = "<group>";
		};
/* End PBXGroup section */

/* Begin PBXNativeTarget section */
		F51A840B1D61453600376C4F /* OSChart */ = {
			isa = PBXNativeTarget;
			buildConfigurationList = F51A84271D61453600376C4F /* Build configuration list for PBXNativeTarget "OSChart" */;
			buildPhases = (
				F51A84081D61453600376C4F /* Sources */,
				F51A84091D61453600376C4F /* Frameworks */,
				F51A840A1D61453600376C4F /* Resources */,
			);
			buildRules = (
			);
			dependencies = (
			);
			name = OSChart;
			productName = OSChart;
			productReference = F51A840C1D61453600376C4F /* OSChart.app */;
			productType = "com.apple.product-type.application";
		};
/* End PBXNativeTarget section */

/* Begin PBXProject section */
		F51A84041D61453600376C4F /* Project object */ = {
			isa = PBXProject;
			attributes = {
				LastUpgradeCheck = 0730;
				ORGANIZATIONNAME = xujie;
				TargetAttributes = {
					F51A840B1D61453600376C4F = {
						CreatedOnToolsVersion = 7.3.1;
					};
				};
			};
			buildConfigurationList = F51A84071D61453600376C4F /* Build configuration list for PBXProject "OSChart" */;
			compatibilityVersion = "Xcode 3.2";
			developmentRegion = English;
			hasScannedForEncodings = 0;
			knownRegions = (
				en,
				Base,
			);
			mainGroup = F51A84031D61453600376C4F;
			productRefGroup = F51A840D1D61453600376C4F /* Products */;
			projectDirPath = "";
			projectRoot = "";
			targets = (
				F51A840B1D61453600376C4F /* OSChart */,
			);
		};
/* End PBXProject section */

/* Begin PBXResourcesBuildPhase section */
		F51A840A1D61453600376C4F /* Resources */ = {
			isa = PBXResourcesBuildPhase;
			buildActionMask = 2147483647;
			files = (
				F51A841E1D61453600376C4F /* Main.storyboard in Resources */,
				F51A84201D61453600376C4F /* Assets.xcassets in Resources */,
				F51A84231D61453600376C4F /* LaunchScreen.storyboard in Resources */,
			);
			runOnlyForDeploymentPostprocessing = 0;
		};
/* End PBXResourcesBuildPhase section */

/* Begin PBXSourcesBuildPhase section */
		F51A84081D61453600376C4F /* Sources */ = {
			isa = PBXSourcesBuildPhase;
			buildActionMask = 2147483647;
			files = (
				F59D5E451D61ADDE00B3BB73 /* OSCaptureView.m in Sources */,
				F51A84691D61AB8D00376C4F /* ViewController.m in Sources */,
				F51A84601D61AAF000376C4F /* OSCube.m in Sources */,
				F51A84141D61453600376C4F /* AppDelegate.m in Sources */,
				F51A84111D61453600376C4F /* main.m in Sources */,
				F51A84611D61AAF000376C4F /* OSPosition.m in Sources */,
				F51A845F1D61AAF000376C4F /* OSChartViewController.m in Sources */,
			);
			runOnlyForDeploymentPostprocessing = 0;
		};
/* End PBXSourcesBuildPhase section */

/* Begin PBXVariantGroup section */
		F51A841C1D61453600376C4F /* Main.storyboard */ = {
			isa = PBXVariantGroup;
			children = (
				F51A841D1D61453600376C4F /* Base */,
			);
			name = Main.storyboard;
			sourceTree = "<group>";
		};
		F51A84211D61453600376C4F /* LaunchScreen.storyboard */ = {
			isa = PBXVariantGroup;
			children = (
				F51A84221D61453600376C4F /* Base */,
			);
			name = LaunchScreen.storyboard;
			sourceTree = "<group>";
		};
/* End PBXVariantGroup section */

/* Begin XCBuildConfiguration section */
		F51A84251D61453600376C4F /* Debug */ = {
			isa = XCBuildConfiguration;
			buildSettings = {
				ALWAYS_SEARCH_USER_PATHS = NO;
				CLANG_ANALYZER_NONNULL = YES;
				CLANG_CXX_LANGUAGE_STANDARD = "gnu++0x";
				CLANG_CXX_LIBRARY = "libc++";
				CLANG_ENABLE_MODULES = YES;
				CLANG_ENABLE_OBJC_ARC = YES;
				CLANG_WARN_BOOL_CONVERSION = YES;
				CLANG_WARN_CONSTANT_CONVERSION = YES;
				CLANG_WARN_DIRECT_OBJC_ISA_USAGE = YES_ERROR;
				CLANG_WARN_EMPTY_BODY = YES;
				CLANG_WARN_ENUM_CONVERSION = YES;
				CLANG_WARN_INT_CONVERSION = YES;
				CLANG_WARN_OBJC_ROOT_CLASS = YES_ERROR;
				CLANG_WARN_UNREACHABLE_CODE = YES;
				CLANG_WARN__DUPLICATE_METHOD_MATCH = YES;
				"CODE_SIGN_IDENTITY[sdk=iphoneos*]" = "iPhone Developer";
				COPY_PHASE_STRIP = NO;
				DEBUG_INFORMATION_FORMAT = "dwarf-with-dsym";
				ENABLE_STRICT_OBJC_MSGSEND = YES;
				ENABLE_TESTABILITY = YES;
				GCC_C_LANGUAGE_STANDARD = gnu99;
				GCC_DYNAMIC_NO_PIC = NO;
				GCC_NO_COMMON_BLOCKS = YES;
				GCC_OPTIMIZATION_LEVEL = 0;
				GCC_PREPROCESSOR_DEFINITIONS = (
					"DEBUG=1",
					"$(inherited)",
				);
				GCC_WARN_64_TO_32_BIT_CONVERSION = YES;
				GCC_WARN_ABOUT_RETURN_TYPE = YES_ERROR;
				GCC_WARN_UNDECLARED_SELECTOR = YES;
				GCC_WARN_UNINITIALIZED_AUTOS = YES_AGGRESSIVE;
				GCC_WARN_UNUSED_FUNCTION = YES;
				GCC_WARN_UNUSED_VARIABLE = YES;
				IPHONEOS_DEPLOYMENT_TARGET = 9.3;
				MTL_ENABLE_DEBUG_INFO = YES;
				ONLY_ACTIVE_ARCH = YES;
				SDKROOT = iphoneos;
			};
			name = Debug;
		};
		F51A84261D61453600376C4F /* Release */ = {
			isa = XCBuildConfiguration;
			buildSettings = {
				ALWAYS_SEARCH_USER_PATHS = NO;
				CLANG_ANALYZER_NONNULL = YES;
				CLANG_CXX_LANGUAGE_STANDARD = "gnu++0x";
				CLANG_CXX_LIBRARY = "libc++";
				CLANG_ENABLE_MODULES = YES;
				CLANG_ENABLE_OBJC_ARC = YES;
				CLANG_WARN_BOOL_CONVERSION = YES;
				CLANG_WARN_CONSTANT_CONVERSION = YES;
				CLANG_WARN_DIRECT_OBJC_ISA_USAGE = YES_ERROR;
				CLANG_WARN_EMPTY_BODY = YES;
				CLANG_WARN_ENUM_CONVERSION = YES;
				CLANG_WARN_INT_CONVERSION = YES;
				CLANG_WARN_OBJC_ROOT_CLASS = YES_ERROR;
				CLANG_WARN_UNREACHABLE_CODE = YES;
				CLANG_WARN__DUPLICATE_METHOD_MATCH = YES;
				"CODE_SIGN_IDENTITY[sdk=iphoneos*]" = "iPhone Developer";
				COPY_PHASE_STRIP = NO;
				DEBUG_INFORMATION_FORMAT = "dwarf-with-dsym";
				ENABLE_NS_ASSERTIONS = NO;
				ENABLE_STRICT_OBJC_MSGSEND = YES;
				GCC_C_LANGUAGE_STANDARD = gnu99;
				GCC_NO_COMMON_BLOCKS = YES;
				GCC_WARN_64_TO_32_BIT_CONVERSION = YES;
				GCC_WARN_ABOUT_RETURN_TYPE = YES_ERROR;
				GCC_WARN_UNDECLARED_SELECTOR = YES;
				GCC_WARN_UNINITIALIZED_AUTOS = YES_AGGRESSIVE;
				GCC_WARN_UNUSED_FUNCTION = YES;
				GCC_WARN_UNUSED_VARIABLE = YES;
				IPHONEOS_DEPLOYMENT_TARGET = 9.3;
				MTL_ENABLE_DEBUG_INFO = NO;
				SDKROOT = iphoneos;
				VALIDATE_PRODUCT = YES;
			};
			name = Release;
		};
		F51A84281D61453600376C4F /* Debug */ = {
			isa = XCBuildConfiguration;
			buildSettings = {
				ASSETCATALOG_COMPILER_APPICON_NAME = AppIcon;
				INFOPLIST_FILE = OSChart/Info.plist;
				LD_RUNPATH_SEARCH_PATHS = "$(inherited) @executable_path/Frameworks";
				PRODUCT_BUNDLE_IDENTIFIER = com.xujie.OSChart;
				PRODUCT_NAME = "$(TARGET_NAME)";
			};
			name = Debug;
		};
		F51A84291D61453600376C4F /* Release */ = {
			isa = XCBuildConfiguration;
			buildSettings = {
				ASSETCATALOG_COMPILER_APPICON_NAME = AppIcon;
				INFOPLIST_FILE = OSChart/Info.plist;
				LD_RUNPATH_SEARCH_PATHS = "$(inherited) @executable_path/Frameworks";
				PRODUCT_BUNDLE_IDENTIFIER = com.xujie.OSChart;
				PRODUCT_NAME = "$(TARGET_NAME)";
			};
			name = Release;
		};
/* End XCBuildConfiguration section */

/* Begin XCConfigurationList section */
		F51A84071D61453600376C4F /* Build configuration list for PBXProject "OSChart" */ = {
			isa = XCConfigurationList;
			buildConfigurations = (
				F51A84251D61453600376C4F /* Debug */,
				F51A84261D61453600376C4F /* Release */,
			);
			defaultConfigurationIsVisible = 0;
			defaultConfigurationName = Release;
		};
		F51A84271D61453600376C4F /* Build configuration list for PBXNativeTarget "OSChart" */ = {
			isa = XCConfigurationList;
			buildConfigurations = (
				F51A84281D61453600376C4F /* Debug */,
				F51A84291D61453600376C4F /* Release */,
			);
			defaultConfigurationIsVisible = 0;
			defaultConfigurationName = Release;
		};
/* End XCConfigurationList section */
	};
	rootObject = F51A84041D61453600376C4F /* Project object */;
}
